{"format_version":"1.2","terraform_version":"1.6.5","variables":{"ami_ids":{"value":["ami-0e6ba473035021977","ami-071bc604218b1e5d7","ami-011f5b87edc3fad57"]},"availability_zones":{"value":["eu-west-2a","eu-west-2b","eu-west-2c"]},"database_tables_names":{"value":["lighting","heating"]},"desired_capacity":{"value":1},"instance_type":{"value":"t2.micro"},"key_name":{"value":"project-smart-home"},"max_size":{"value":3},"min_size":{"value":1},"private_subnets":{"value":["10.0.1.0/24","10.0.3.0/24","10.0.5.0/24"]},"public_subnets":{"value":["10.0.2.0/24","10.0.4.0/24","10.0.6.0/24"]},"service_names":{"value":["lighting","heating","status"]},"target_group_paths":{"value":["lights","heating","status"]},"vpc_cidr_range":{"value":"10.0.0.0/20"},"vpc_name":{"value":"micro-services-vpc"}},"planned_values":{"root_module":{"child_modules":[{"resources":[{"address":"module.autoscaling.aws_autoscaling_group.load_balancer_autoscaling_group[0]","mode":"managed","type":"aws_autoscaling_group","name":"load_balancer_autoscaling_group","index":0,"provider_name":"registry.terraform.io/hashicorp/aws","schema_version":1,"values":{"capacity_rebalance":null,"context":null,"default_instance_warmup":null,"desired_capacity":1,"desired_capacity_type":null,"enabled_metrics":null,"force_delete":false,"force_delete_warm_pool":false,"health_check_grace_period":300,"ignore_failed_scaling_activities":false,"initial_lifecycle_hook":[],"instance_maintenance_policy":[],"instance_refresh":[],"launch_configuration":null,"launch_template":[{"version":null}],"max_instance_lifetime":null,"max_size":3,"metrics_granularity":"1Minute","min_elb_capacity":null,"min_size":1,"name":"load-balancer-lighting-autoscaling_group","placement_group":null,"protect_from_scale_in":false,"suspended_processes":null,"tag":[{"key":"Name","propagate_at_launch":true,"value":"lighting-instance-autoscaling-group"}],"termination_policies":null,"timeouts":null,"wait_for_capacity_timeout":"10m","wait_for_elb_capacity":null,"warm_pool":[]},"sensitive_values":{"availability_zones":[],"initial_lifecycle_hook":[],"instance_maintenance_policy":[],"instance_refresh":[],"launch_template":[{}],"load_balancers":[],"mixed_instances_policy":[],"tag":[{}],"target_group_arns":[],"traffic_source":[],"vpc_zone_identifier":[],"warm_pool":[]}},{"address":"module.autoscaling.aws_autoscaling_group.load_balancer_autoscaling_group[1]","mode":"managed","type":"aws_autoscaling_group","name":"load_balancer_autoscaling_group","index":1,"provider_name":"registry.terraform.io/hashicorp/aws","schema_version":1,"values":{"capacity_rebalance":null,"context":null,"default_instance_warmup":null,"desired_capacity":1,"desired_capacity_type":null,"enabled_metrics":null,"force_delete":false,"force_delete_warm_pool":false,"health_check_grace_period":300,"ignore_failed_scaling_activities":false,"initial_lifecycle_hook":[],"instance_maintenance_policy":[],"instance_refresh":[],"launch_configuration":null,"launch_template":[{"version":null}],"max_instance_lifetime":null,"max_size":3,"metrics_granularity":"1Minute","min_elb_capacity":null,"min_size":1,"name":"load-balancer-heating-autoscaling_group","placement_group":null,"protect_from_scale_in":false,"suspended_processes":null,"tag":[{"key":"Name","propagate_at_launch":true,"value":"heating-instance-autoscaling-group"}],"termination_policies":null,"timeouts":null,"wait_for_capacity_timeout":"10m","wait_for_elb_capacity":null,"warm_pool":[]},"sensitive_values":{"availability_zones":[],"initial_lifecycle_hook":[],"instance_maintenance_policy":[],"instance_refresh":[],"launch_template":[{}],"load_balancers":[],"mixed_instances_policy":[],"tag":[{}],"target_group_arns":[],"traffic_source":[],"vpc_zone_identifier":[],"warm_pool":[]}},{"address":"module.autoscaling.aws_autoscaling_group.load_balancer_autoscaling_group[2]","mode":"managed","type":"aws_autoscaling_group","name":"load_balancer_autoscaling_group","index":2,"provider_name":"registry.terraform.io/hashicorp/aws","schema_version":1,"values":{"capacity_rebalance":null,"context":null,"default_instance_warmup":null,"desired_capacity":1,"desired_capacity_type":null,"enabled_metrics":null,"force_delete":false,"force_delete_warm_pool":false,"health_check_grace_period":300,"ignore_failed_scaling_activities":false,"initial_lifecycle_hook":[],"instance_maintenance_policy":[],"instance_refresh":[],"launch_configuration":null,"launch_template":[{"version":null}],"max_instance_lifetime":null,"max_size":3,"metrics_granularity":"1Minute","min_elb_capacity":null,"min_size":1,"name":"load-balancer-status-autoscaling_group","placement_group":null,"protect_from_scale_in":false,"suspended_processes":null,"tag":[{"key":"Name","propagate_at_launch":true,"value":"status-instance-autoscaling-group"}],"termination_policies":null,"timeouts":null,"wait_for_capacity_timeout":"10m","wait_for_elb_capacity":null,"warm_pool":[]},"sensitive_values":{"availability_zones":[],"initial_lifecycle_hook":[],"instance_maintenance_policy":[],"instance_refresh":[],"launch_template":[{}],"load_balancers":[],"mixed_instances_policy":[],"tag":[{}],"target_group_arns":[],"traffic_source":[],"vpc_zone_identifier":[],"warm_pool":[]}},{"address":"module.autoscaling.aws_launch_template.launch_template[0]","mode":"managed","type":"aws_launch_template","name":"launch_template","index":0,"provider_name":"registry.terraform.io/hashicorp/aws","schema_version":0,"values":{"block_device_mappings":[],"capacity_reservation_specification":[],"cpu_options":[],"credit_specification":[],"description":null,"disable_api_stop":null,"disable_api_termination":null,"ebs_optimized":null,"elastic_gpu_specifications":[],"elastic_inference_accelerator":[],"enclave_options":[],"hibernation_options":[],"iam_instance_profile":[],"image_id":"ami-0e6ba473035021977","instance_initiated_shutdown_behavior":null,"instance_market_options":[],"instance_requirements":[],"instance_type":"t2.micro","kernel_id":null,"key_name":"project-smart-home","license_specification":[],"maintenance_options":[],"monitoring":[],"name":"launch-template-lighting","network_interfaces":[{"associate_carrier_ip_address":null,"associate_public_ip_address":"true","delete_on_termination":null,"description":null,"device_index":0,"interface_type":null,"ipv4_address_count":null,"ipv4_addresses":null,"ipv4_prefix_count":null,"ipv4_prefixes":null,"ipv6_address_count":null,"ipv6_addresses":null,"ipv6_prefix_count":null,"ipv6_prefixes":null,"network_card_index":null,"network_interface_id":null,"private_ip_address":null,"security_groups":null,"subnet_id":null}],"placement":[],"private_dns_name_options":[],"ram_disk_id":null,"security_group_names":null,"tag_specifications":[{"resource_type":"instance","tags":{"Name":"launch-template-lighting"}}],"tags":null,"update_default_version":null,"user_data":null},"sensitive_values":{"block_device_mappings":[],"capacity_reservation_specification":[],"cpu_options":[],"credit_specification":[],"elastic_gpu_specifications":[],"elastic_inference_accelerator":[],"enclave_options":[],"hibernation_options":[],"iam_instance_profile":[],"instance_market_options":[],"instance_requirements":[],"license_specification":[],"maintenance_options":[],"metadata_options":[],"monitoring":[],"network_interfaces":[{}],"placement":[],"private_dns_name_options":[],"tag_specifications":[{"tags":{}}],"tags_all":{},"vpc_security_group_ids":[]}},{"address":"module.autoscaling.aws_launch_template.launch_template[1]","mode":"managed","type":"aws_launch_template","name":"launch_template","index":1,"provider_name":"registry.terraform.io/hashicorp/aws","schema_version":0,"values":{"block_device_mappings":[],"capacity_reservation_specification":[],"cpu_options":[],"credit_specification":[],"description":null,"disable_api_stop":null,"disable_api_termination":null,"ebs_optimized":null,"elastic_gpu_specifications":[],"elastic_inference_accelerator":[],"enclave_options":[],"hibernation_options":[],"iam_instance_profile":[],"image_id":"ami-071bc604218b1e5d7","instance_initiated_shutdown_behavior":null,"instance_market_options":[],"instance_requirements":[],"instance_type":"t2.micro","kernel_id":null,"key_name":"project-smart-home","license_specification":[],"maintenance_options":[],"monitoring":[],"name":"launch-template-heating","network_interfaces":[{"associate_carrier_ip_address":null,"associate_public_ip_address":"true","delete_on_termination":null,"description":null,"device_index":0,"interface_type":null,"ipv4_address_count":null,"ipv4_addresses":null,"ipv4_prefix_count":null,"ipv4_prefixes":null,"ipv6_address_count":null,"ipv6_addresses":null,"ipv6_prefix_count":null,"ipv6_prefixes":null,"network_card_index":null,"network_interface_id":null,"private_ip_address":null,"security_groups":null,"subnet_id":null}],"placement":[],"private_dns_name_options":[],"ram_disk_id":null,"security_group_names":null,"tag_specifications":[{"resource_type":"instance","tags":{"Name":"launch-template-heating"}}],"tags":null,"update_default_version":null,"user_data":null},"sensitive_values":{"block_device_mappings":[],"capacity_reservation_specification":[],"cpu_options":[],"credit_specification":[],"elastic_gpu_specifications":[],"elastic_inference_accelerator":[],"enclave_options":[],"hibernation_options":[],"iam_instance_profile":[],"instance_market_options":[],"instance_requirements":[],"license_specification":[],"maintenance_options":[],"metadata_options":[],"monitoring":[],"network_interfaces":[{}],"placement":[],"private_dns_name_options":[],"tag_specifications":[{"tags":{}}],"tags_all":{},"vpc_security_group_ids":[]}},{"address":"module.autoscaling.aws_launch_template.launch_template[2]","mode":"managed","type":"aws_launch_template","name":"launch_template","index":2,"provider_name":"registry.terraform.io/hashicorp/aws","schema_version":0,"values":{"block_device_mappings":[],"capacity_reservation_specification":[],"cpu_options":[],"credit_specification":[],"description":null,"disable_api_stop":null,"disable_api_termination":null,"ebs_optimized":null,"elastic_gpu_specifications":[],"elastic_inference_accelerator":[],"enclave_options":[],"hibernation_options":[],"iam_instance_profile":[],"image_id":"ami-011f5b87edc3fad57","instance_initiated_shutdown_behavior":null,"instance_market_options":[],"instance_requirements":[],"instance_type":"t2.micro","kernel_id":null,"key_name":"project-smart-home","license_specification":[],"maintenance_options":[],"monitoring":[],"name":"launch-template-status","network_interfaces":[{"associate_carrier_ip_address":null,"associate_public_ip_address":"true","delete_on_termination":null,"description":null,"device_index":0,"interface_type":null,"ipv4_address_count":null,"ipv4_addresses":null,"ipv4_prefix_count":null,"ipv4_prefixes":null,"ipv6_address_count":null,"ipv6_addresses":null,"ipv6_prefix_count":null,"ipv6_prefixes":null,"network_card_index":null,"network_interface_id":null,"private_ip_address":null,"security_groups":null,"subnet_id":null}],"placement":[],"private_dns_name_options":[],"ram_disk_id":null,"security_group_names":null,"tag_specifications":[{"resource_type":"instance","tags":{"Name":"launch-template-status"}}],"tags":null,"update_default_version":null,"user_data":null},"sensitive_values":{"block_device_mappings":[],"capacity_reservation_specification":[],"cpu_options":[],"credit_specification":[],"elastic_gpu_specifications":[],"elastic_inference_accelerator":[],"enclave_options":[],"hibernation_options":[],"iam_instance_profile":[],"instance_market_options":[],"instance_requirements":[],"license_specification":[],"maintenance_options":[],"metadata_options":[],"monitoring":[],"network_interfaces":[{}],"placement":[],"private_dns_name_options":[],"tag_specifications":[{"tags":{}}],"tags_all":{},"vpc_security_group_ids":[]}}],"address":"module.autoscaling"},{"resources":[{"address":"module.database.aws_dynamodb_table.dynamodb_table[0]","mode":"managed","type":"aws_dynamodb_table","name":"dynamodb_table","index":0,"provider_name":"registry.terraform.io/hashicorp/aws","schema_version":1,"values":{"attribute":[{"name":"id","type":"N"}],"billing_mode":"PAY_PER_REQUEST","deletion_protection_enabled":null,"global_secondary_index":[],"hash_key":"id","import_table":[],"local_secondary_index":[],"name":"lighting","range_key":null,"replica":[],"restore_date_time":null,"restore_source_name":null,"restore_to_latest_time":null,"stream_enabled":null,"table_class":null,"tags":{"Name":"lighting-dynamodb-table"},"tags_all":{"Name":"lighting-dynamodb-table"},"timeouts":null},"sensitive_values":{"attribute":[{}],"global_secondary_index":[],"import_table":[],"local_secondary_index":[],"point_in_time_recovery":[],"replica":[],"server_side_encryption":[],"tags":{},"tags_all":{},"ttl":[]}},{"address":"module.database.aws_dynamodb_table.dynamodb_table[1]","mode":"managed","type":"aws_dynamodb_table","name":"dynamodb_table","index":1,"provider_name":"registry.terraform.io/hashicorp/aws","schema_version":1,"values":{"attribute":[{"name":"id","type":"N"}],"billing_mode":"PAY_PER_REQUEST","deletion_protection_enabled":null,"global_secondary_index":[],"hash_key":"id","import_table":[],"local_secondary_index":[],"name":"heating","range_key":null,"replica":[],"restore_date_time":null,"restore_source_name":null,"restore_to_latest_time":null,"stream_enabled":null,"table_class":null,"tags":{"Name":"heating-dynamodb-table"},"tags_all":{"Name":"heating-dynamodb-table"},"timeouts":null},"sensitive_values":{"attribute":[{}],"global_secondary_index":[],"import_table":[],"local_secondary_index":[],"point_in_time_recovery":[],"replica":[],"server_side_encryption":[],"tags":{},"tags_all":{},"ttl":[]}}],"address":"module.database"},{"resources":[{"address":"module.loadbalancer.aws_lb.lb_main","mode":"managed","type":"aws_lb","name":"lb_main","provider_name":"registry.terraform.io/hashicorp/aws","schema_version":0,"values":{"access_logs":[],"customer_owned_ipv4_pool":null,"desync_mitigation_mode":"defensive","dns_record_client_routing_policy":null,"drop_invalid_header_fields":false,"enable_cross_zone_load_balancing":null,"enable_deletion_protection":false,"enable_http2":true,"enable_tls_version_and_cipher_suite_headers":false,"enable_waf_fail_open":false,"enable_xff_client_port":false,"idle_timeout":60,"internal":false,"load_balancer_type":"application","name":"lbmain","preserve_host_header":false,"tags":null,"timeouts":null,"xff_header_processing_mode":"append"},"sensitive_values":{"access_logs":[],"security_groups":[],"subnet_mapping":[],"subnets":[],"tags_all":{}}},{"address":"module.loadbalancer.aws_lb_listener.lb_listener","mode":"managed","type":"aws_lb_listener","name":"lb_listener","provider_name":"registry.terraform.io/hashicorp/aws","schema_version":0,"values":{"alpn_policy":null,"certificate_arn":null,"default_action":[{"authenticate_cognito":[],"authenticate_oidc":[],"fixed_response":[],"forward":[],"redirect":[],"type":"forward"}],"port":3000,"protocol":"HTTP","tags":{"Name":"target-group-status"},"tags_all":{"Name":"target-group-status"},"timeouts":null},"sensitive_values":{"default_action":[{"authenticate_cognito":[],"authenticate_oidc":[],"fixed_response":[],"forward":[],"redirect":[]}],"tags":{},"tags_all":{}}},{"address":"module.loadbalancer.aws_lb_listener_rule.listener_rule[0]","mode":"managed","type":"aws_lb_listener_rule","name":"listener_rule","index":0,"provider_name":"registry.terraform.io/hashicorp/aws","schema_version":0,"values":{"action":[{"authenticate_cognito":[],"authenticate_oidc":[],"fixed_response":[],"forward":[],"redirect":[],"type":"forward"}],"condition":[{"host_header":[],"http_header":[],"http_request_method":[],"path_pattern":[{"values":["/api/lights*"]}],"query_string":[],"source_ip":[]}],"tags":null},"sensitive_values":{"action":[{"authenticate_cognito":[],"authenticate_oidc":[],"fixed_response":[],"forward":[],"redirect":[]}],"condition":[{"host_header":[],"http_header":[],"http_request_method":[],"path_pattern":[{"values":[false]}],"query_string":[],"source_ip":[]}],"tags_all":{}}},{"address":"module.loadbalancer.aws_lb_listener_rule.listener_rule[1]","mode":"managed","type":"aws_lb_listener_rule","name":"listener_rule","index":1,"provider_name":"registry.terraform.io/hashicorp/aws","schema_version":0,"values":{"action":[{"authenticate_cognito":[],"authenticate_oidc":[],"fixed_response":[],"forward":[],"redirect":[],"type":"forward"}],"condition":[{"host_header":[],"http_header":[],"http_request_method":[],"path_pattern":[{"values":["/api/heating*"]}],"query_string":[],"source_ip":[]}],"tags":null},"sensitive_values":{"action":[{"authenticate_cognito":[],"authenticate_oidc":[],"fixed_response":[],"forward":[],"redirect":[]}],"condition":[{"host_header":[],"http_header":[],"http_request_method":[],"path_pattern":[{"values":[false]}],"query_string":[],"source_ip":[]}],"tags_all":{}}},{"address":"module.loadbalancer.aws_lb_target_group.target_group[0]","mode":"managed","type":"aws_lb_target_group","name":"target_group","index":0,"provider_name":"registry.terraform.io/hashicorp/aws","schema_version":0,"values":{"deregistration_delay":"300","health_check":[{"enabled":true,"healthy_threshold":3,"interval":30,"path":"/api/lights","port":"traffic-port","protocol":"HTTP","unhealthy_threshold":3}],"lambda_multi_value_headers_enabled":false,"name":"target-group-lighting","port":3000,"protocol":"HTTP","protocol_version":"HTTP1","proxy_protocol_v2":false,"slow_start":0,"tags":{"Name":"target-group-lighting"},"tags_all":{"Name":"target-group-lighting"},"target_type":"instance"},"sensitive_values":{"health_check":[{}],"stickiness":[],"tags":{},"tags_all":{},"target_failover":[],"target_health_state":[]}},{"address":"module.loadbalancer.aws_lb_target_group.target_group[1]","mode":"managed","type":"aws_lb_target_group","name":"target_group","index":1,"provider_name":"registry.terraform.io/hashicorp/aws","schema_version":0,"values":{"deregistration_delay":"300","health_check":[{"enabled":true,"healthy_threshold":3,"interval":30,"path":"/api/heating","port":"traffic-port","protocol":"HTTP","unhealthy_threshold":3}],"lambda_multi_value_headers_enabled":false,"name":"target-group-heating","port":3000,"protocol":"HTTP","protocol_version":"HTTP1","proxy_protocol_v2":false,"slow_start":0,"tags":{"Name":"target-group-heating"},"tags_all":{"Name":"target-group-heating"},"target_type":"instance"},"sensitive_values":{"health_check":[{}],"stickiness":[],"tags":{},"tags_all":{},"target_failover":[],"target_health_state":[]}},{"address":"module.loadbalancer.aws_lb_target_group.target_group[2]","mode":"managed","type":"aws_lb_target_group","name":"target_group","index":2,"provider_name":"registry.terraform.io/hashicorp/aws","schema_version":0,"values":{"deregistration_delay":"300","health_check":[{"enabled":true,"healthy_threshold":3,"interval":30,"path":"/api/status","port":"traffic-port","protocol":"HTTP","unhealthy_threshold":3}],"lambda_multi_value_headers_enabled":false,"name":"target-group-status","port":3000,"protocol":"HTTP","protocol_version":"HTTP1","proxy_protocol_v2":false,"slow_start":0,"tags":{"Name":"target-group-status"},"tags_all":{"Name":"target-group-status"},"target_type":"instance"},"sensitive_values":{"health_check":[{}],"stickiness":[],"tags":{},"tags_all":{},"target_failover":[],"target_health_state":[]}},{"address":"module.loadbalancer.aws_lb_target_group_attachment.target_group_servers_attachment[0]","mode":"managed","type":"aws_lb_target_group_attachment","name":"target_group_servers_attachment","index":0,"provider_name":"registry.terraform.io/hashicorp/aws","schema_version":0,"values":{"availability_zone":null,"port":3000},"sensitive_values":{}},{"address":"module.loadbalancer.aws_lb_target_group_attachment.target_group_servers_attachment[1]","mode":"managed","type":"aws_lb_target_group_attachment","name":"target_group_servers_attachment","index":1,"provider_name":"registry.terraform.io/hashicorp/aws","schema_version":0,"values":{"availability_zone":null,"port":3000},"sensitive_values":{}},{"address":"module.loadbalancer.aws_lb_target_group_attachment.target_group_servers_attachment[2]","mode":"managed","type":"aws_lb_target_group_attachment","name":"target_group_servers_attachment","index":2,"provider_name":"registry.terraform.io/hashicorp/aws","schema_version":0,"values":{"availability_zone":null,"port":3000},"sensitive_values":{}}],"address":"module.loadbalancer"},{"resources":[{"address":"module.security.aws_security_group.allow_http","mode":"managed","type":"aws_security_group","name":"allow_http","provider_name":"registry.terraform.io/hashicorp/aws","schema_version":1,"values":{"description":"allows ingress and egress traffic for HTTP requests from all external sources","name":"allow_http","revoke_rules_on_delete":false,"tags":null,"timeouts":null},"sensitive_values":{"egress":[],"ingress":[],"tags_all":{}}},{"address":"module.security.aws_security_group.allow_https","mode":"managed","type":"aws_security_group","name":"allow_https","provider_name":"registry.terraform.io/hashicorp/aws","schema_version":1,"values":{"description":"allows ingress and egress traffic for HTTPS requests from all external sources","name":"allow_https","revoke_rules_on_delete":false,"tags":null,"timeouts":null},"sensitive_values":{"egress":[],"ingress":[],"tags_all":{}}},{"address":"module.security.aws_security_group.allow_port_3000","mode":"managed","type":"aws_security_group","name":"allow_port_3000","provider_name":"registry.terraform.io/hashicorp/aws","schema_version":1,"values":{"description":"allows ingress on port 3000 for lighting application","name":"allow_port_3000","revoke_rules_on_delete":false,"tags":null,"timeouts":null},"sensitive_values":{"egress":[],"ingress":[],"tags_all":{}}},{"address":"module.security.aws_security_group.allow_ssh","mode":"managed","type":"aws_security_group","name":"allow_ssh","provider_name":"registry.terraform.io/hashicorp/aws","schema_version":1,"values":{"description":"allows ingress ssh from own IP address","name":"allow_ssh","revoke_rules_on_delete":false,"tags":null,"timeouts":null},"sensitive_values":{"egress":[],"ingress":[],"tags_all":{}}},{"address":"module.security.aws_security_group_rule.allow_egress_http","mode":"managed","type":"aws_security_group_rule","name":"allow_egress_http","provider_name":"registry.terraform.io/hashicorp/aws","schema_version":2,"values":{"cidr_blocks":["0.0.0.0/0"],"description":null,"from_port":80,"ipv6_cidr_blocks":["::/0"],"prefix_list_ids":null,"protocol":"tcp","self":false,"timeouts":null,"to_port":80,"type":"egress"},"sensitive_values":{"cidr_blocks":[false],"ipv6_cidr_blocks":[false]}},{"address":"module.security.aws_security_group_rule.allow_egress_https","mode":"managed","type":"aws_security_group_rule","name":"allow_egress_https","provider_name":"registry.terraform.io/hashicorp/aws","schema_version":2,"values":{"cidr_blocks":["0.0.0.0/0"],"description":null,"from_port":443,"ipv6_cidr_blocks":["::/0"],"prefix_list_ids":null,"protocol":"tcp","self":false,"timeouts":null,"to_port":443,"type":"egress"},"sensitive_values":{"cidr_blocks":[false],"ipv6_cidr_blocks":[false]}},{"address":"module.security.aws_security_group_rule.allow_egress_port_3000","mode":"managed","type":"aws_security_group_rule","name":"allow_egress_port_3000","provider_name":"registry.terraform.io/hashicorp/aws","schema_version":2,"values":{"cidr_blocks":["0.0.0.0/0"],"description":null,"from_port":3000,"ipv6_cidr_blocks":["::/0"],"prefix_list_ids":null,"protocol":"tcp","self":false,"timeouts":null,"to_port":3000,"type":"egress"},"sensitive_values":{"cidr_blocks":[false],"ipv6_cidr_blocks":[false]}},{"address":"module.security.aws_security_group_rule.allow_ingress_http","mode":"managed","type":"aws_security_group_rule","name":"allow_ingress_http","provider_name":"registry.terraform.io/hashicorp/aws","schema_version":2,"values":{"cidr_blocks":["0.0.0.0/0"],"description":null,"from_port":80,"ipv6_cidr_blocks":["::/0"],"prefix_list_ids":null,"protocol":"tcp","self":false,"timeouts":null,"to_port":80,"type":"ingress"},"sensitive_values":{"cidr_blocks":[false],"ipv6_cidr_blocks":[false]}},{"address":"module.security.aws_security_group_rule.allow_ingress_https","mode":"managed","type":"aws_security_group_rule","name":"allow_ingress_https","provider_name":"registry.terraform.io/hashicorp/aws","schema_version":2,"values":{"cidr_blocks":["0.0.0.0/0"],"description":null,"from_port":443,"ipv6_cidr_blocks":["::/0"],"prefix_list_ids":null,"protocol":"tcp","self":false,"timeouts":null,"to_port":443,"type":"ingress"},"sensitive_values":{"cidr_blocks":[false],"ipv6_cidr_blocks":[false]}},{"address":"module.security.aws_security_group_rule.allow_ingress_port_3000","mode":"managed","type":"aws_security_group_rule","name":"allow_ingress_port_3000","provider_name":"registry.terraform.io/hashicorp/aws","schema_version":2,"values":{"cidr_blocks":["0.0.0.0/0"],"description":null,"from_port":3000,"ipv6_cidr_blocks":["::/0"],"prefix_list_ids":null,"protocol":"tcp","self":false,"timeouts":null,"to_port":3000,"type":"ingress"},"sensitive_values":{"cidr_blocks":[false],"ipv6_cidr_blocks":[false]}},{"address":"module.security.aws_security_group_rule.allow_ssh","mode":"managed","type":"aws_security_group_rule","name":"allow_ssh","provider_name":"registry.terraform.io/hashicorp/aws","schema_version":2,"values":{"cidr_blocks":["86.167.218.143/32"],"description":null,"from_port":22,"ipv6_cidr_blocks":null,"prefix_list_ids":null,"protocol":"tcp","self":false,"timeouts":null,"to_port":22,"type":"ingress"},"sensitive_values":{"cidr_blocks":[false]}}],"address":"module.security"},{"resources":[{"address":"module.servers.aws_instance.servers[0]","mode":"managed","type":"aws_instance","name":"servers","index":0,"provider_name":"registry.terraform.io/hashicorp/aws","schema_version":1,"values":{"ami":"ami-0e6ba473035021977","associate_public_ip_address":true,"credit_specification":[],"get_password_data":false,"hibernation":null,"instance_type":"t2.micro","key_name":"project-smart-home","launch_template":[],"source_dest_check":true,"tags":{"Name":"server_lighting"},"tags_all":{"Name":"server_lighting"},"timeouts":null,"user_data_replace_on_change":false,"volume_tags":null},"sensitive_values":{"capacity_reservation_specification":[],"cpu_options":[],"credit_specification":[],"ebs_block_device":[],"enclave_options":[],"ephemeral_block_device":[],"instance_market_options":[],"ipv6_addresses":[],"launch_template":[],"maintenance_options":[],"metadata_options":[],"network_interface":[],"private_dns_name_options":[],"root_block_device":[],"secondary_private_ips":[],"security_groups":[],"tags":{},"tags_all":{},"vpc_security_group_ids":[]}},{"address":"module.servers.aws_instance.servers[1]","mode":"managed","type":"aws_instance","name":"servers","index":1,"provider_name":"registry.terraform.io/hashicorp/aws","schema_version":1,"values":{"ami":"ami-071bc604218b1e5d7","associate_public_ip_address":true,"credit_specification":[],"get_password_data":false,"hibernation":null,"instance_type":"t2.micro","key_name":"project-smart-home","launch_template":[],"source_dest_check":true,"tags":{"Name":"server_heating"},"tags_all":{"Name":"server_heating"},"timeouts":null,"user_data_replace_on_change":false,"volume_tags":null},"sensitive_values":{"capacity_reservation_specification":[],"cpu_options":[],"credit_specification":[],"ebs_block_device":[],"enclave_options":[],"ephemeral_block_device":[],"instance_market_options":[],"ipv6_addresses":[],"launch_template":[],"maintenance_options":[],"metadata_options":[],"network_interface":[],"private_dns_name_options":[],"root_block_device":[],"secondary_private_ips":[],"security_groups":[],"tags":{},"tags_all":{},"vpc_security_group_ids":[]}},{"address":"module.servers.aws_instance.servers[2]","mode":"managed","type":"aws_instance","name":"servers","index":2,"provider_name":"registry.terraform.io/hashicorp/aws","schema_version":1,"values":{"ami":"ami-011f5b87edc3fad57","associate_public_ip_address":true,"credit_specification":[],"get_password_data":false,"hibernation":null,"instance_type":"t2.micro","key_name":"project-smart-home","launch_template":[],"source_dest_check":true,"tags":{"Name":"server_status"},"tags_all":{"Name":"server_status"},"timeouts":null,"user_data_replace_on_change":false,"volume_tags":null},"sensitive_values":{"capacity_reservation_specification":[],"cpu_options":[],"credit_specification":[],"ebs_block_device":[],"enclave_options":[],"ephemeral_block_device":[],"instance_market_options":[],"ipv6_addresses":[],"launch_template":[],"maintenance_options":[],"metadata_options":[],"network_interface":[],"private_dns_name_options":[],"root_block_device":[],"secondary_private_ips":[],"security_groups":[],"tags":{},"tags_all":{},"vpc_security_group_ids":[]}}],"address":"module.servers"},{"resources":[{"address":"module.vpc.aws_internet_gateway.igw","mode":"managed","type":"aws_internet_gateway","name":"igw","provider_name":"registry.terraform.io/hashicorp/aws","schema_version":0,"values":{"tags":{"Name":"igw_micro-services-vpc"},"tags_all":{"Name":"igw_micro-services-vpc"},"timeouts":null},"sensitive_values":{"tags":{},"tags_all":{}}},{"address":"module.vpc.aws_route.public_igw","mode":"managed","type":"aws_route","name":"public_igw","provider_name":"registry.terraform.io/hashicorp/aws","schema_version":0,"values":{"carrier_gateway_id":null,"core_network_arn":null,"destination_cidr_block":"0.0.0.0/0","destination_ipv6_cidr_block":null,"destination_prefix_list_id":null,"egress_only_gateway_id":null,"local_gateway_id":null,"nat_gateway_id":null,"timeouts":null,"transit_gateway_id":null,"vpc_endpoint_id":null,"vpc_peering_connection_id":null},"sensitive_values":{}},{"address":"module.vpc.aws_route_table.route_table","mode":"managed","type":"aws_route_table","name":"route_table","provider_name":"registry.terraform.io/hashicorp/aws","schema_version":0,"values":{"tags":{"Name":"micro-services-vpc-route-table"},"tags_all":{"Name":"micro-services-vpc-route-table"},"timeouts":null},"sensitive_values":{"propagating_vgws":[],"route":[],"tags":{},"tags_all":{}}},{"address":"module.vpc.aws_route_table_association.public_route_table_association[0]","mode":"managed","type":"aws_route_table_association","name":"public_route_table_association","index":0,"provider_name":"registry.terraform.io/hashicorp/aws","schema_version":0,"values":{"gateway_id":null,"timeouts":null},"sensitive_values":{}},{"address":"module.vpc.aws_route_table_association.public_route_table_association[1]","mode":"managed","type":"aws_route_table_association","name":"public_route_table_association","index":1,"provider_name":"registry.terraform.io/hashicorp/aws","schema_version":0,"values":{"gateway_id":null,"timeouts":null},"sensitive_values":{}},{"address":"module.vpc.aws_route_table_association.public_route_table_association[2]","mode":"managed","type":"aws_route_table_association","name":"public_route_table_association","index":2,"provider_name":"registry.terraform.io/hashicorp/aws","schema_version":0,"values":{"gateway_id":null,"timeouts":null},"sensitive_values":{}},{"address":"module.vpc.aws_subnet.private[0]","mode":"managed","type":"aws_subnet","name":"private","index":0,"provider_name":"registry.terraform.io/hashicorp/aws","schema_version":1,"values":{"assign_ipv6_address_on_creation":false,"availability_zone":"eu-west-2a","cidr_block":"10.0.1.0/24","customer_owned_ipv4_pool":null,"enable_dns64":false,"enable_lni_at_device_index":null,"enable_resource_name_dns_a_record_on_launch":false,"enable_resource_name_dns_aaaa_record_on_launch":false,"ipv6_cidr_block":null,"ipv6_native":false,"map_customer_owned_ip_on_launch":null,"map_public_ip_on_launch":false,"outpost_arn":null,"tags":{"Name":"micro-services-vpc-private-eu-west-2a"},"tags_all":{"Name":"micro-services-vpc-private-eu-west-2a"},"timeouts":null},"sensitive_values":{"tags":{},"tags_all":{}}},{"address":"module.vpc.aws_subnet.private[1]","mode":"managed","type":"aws_subnet","name":"private","index":1,"provider_name":"registry.terraform.io/hashicorp/aws","schema_version":1,"values":{"assign_ipv6_address_on_creation":false,"availability_zone":"eu-west-2b","cidr_block":"10.0.3.0/24","customer_owned_ipv4_pool":null,"enable_dns64":false,"enable_lni_at_device_index":null,"enable_resource_name_dns_a_record_on_launch":false,"enable_resource_name_dns_aaaa_record_on_launch":false,"ipv6_cidr_block":null,"ipv6_native":false,"map_customer_owned_ip_on_launch":null,"map_public_ip_on_launch":false,"outpost_arn":null,"tags":{"Name":"micro-services-vpc-private-eu-west-2b"},"tags_all":{"Name":"micro-services-vpc-private-eu-west-2b"},"timeouts":null},"sensitive_values":{"tags":{},"tags_all":{}}},{"address":"module.vpc.aws_subnet.private[2]","mode":"managed","type":"aws_subnet","name":"private","index":2,"provider_name":"registry.terraform.io/hashicorp/aws","schema_version":1,"values":{"assign_ipv6_address_on_creation":false,"availability_zone":"eu-west-2c","cidr_block":"10.0.5.0/24","customer_owned_ipv4_pool":null,"enable_dns64":false,"enable_lni_at_device_index":null,"enable_resource_name_dns_a_record_on_launch":false,"enable_resource_name_dns_aaaa_record_on_launch":false,"ipv6_cidr_block":null,"ipv6_native":false,"map_customer_owned_ip_on_launch":null,"map_public_ip_on_launch":false,"outpost_arn":null,"tags":{"Name":"micro-services-vpc-private-eu-west-2c"},"tags_all":{"Name":"micro-services-vpc-private-eu-west-2c"},"timeouts":null},"sensitive_values":{"tags":{},"tags_all":{}}},{"address":"module.vpc.aws_subnet.public[0]","mode":"managed","type":"aws_subnet","name":"public","index":0,"provider_name":"registry.terraform.io/hashicorp/aws","schema_version":1,"values":{"assign_ipv6_address_on_creation":false,"availability_zone":"eu-west-2a","cidr_block":"10.0.2.0/24","customer_owned_ipv4_pool":null,"enable_dns64":false,"enable_lni_at_device_index":null,"enable_resource_name_dns_a_record_on_launch":false,"enable_resource_name_dns_aaaa_record_on_launch":false,"ipv6_cidr_block":null,"ipv6_native":false,"map_customer_owned_ip_on_launch":null,"map_public_ip_on_launch":true,"outpost_arn":null,"tags":{"Name":"micro-services-vpc-public-eu-west-2a"},"tags_all":{"Name":"micro-services-vpc-public-eu-west-2a"},"timeouts":null},"sensitive_values":{"tags":{},"tags_all":{}}},{"address":"module.vpc.aws_subnet.public[1]","mode":"managed","type":"aws_subnet","name":"public","index":1,"provider_name":"registry.terraform.io/hashicorp/aws","schema_version":1,"values":{"assign_ipv6_address_on_creation":false,"availability_zone":"eu-west-2b","cidr_block":"10.0.4.0/24","customer_owned_ipv4_pool":null,"enable_dns64":false,"enable_lni_at_device_index":null,"enable_resource_name_dns_a_record_on_launch":false,"enable_resource_name_dns_aaaa_record_on_launch":false,"ipv6_cidr_block":null,"ipv6_native":false,"map_customer_owned_ip_on_launch":null,"map_public_ip_on_launch":true,"outpost_arn":null,"tags":{"Name":"micro-services-vpc-public-eu-west-2b"},"tags_all":{"Name":"micro-services-vpc-public-eu-west-2b"},"timeouts":null},"sensitive_values":{"tags":{},"tags_all":{}}},{"address":"module.vpc.aws_subnet.public[2]","mode":"managed","type":"aws_subnet","name":"public","index":2,"provider_name":"registry.terraform.io/hashicorp/aws","schema_version":1,"values":{"assign_ipv6_address_on_creation":false,"availability_zone":"eu-west-2c","cidr_block":"10.0.6.0/24","customer_owned_ipv4_pool":null,"enable_dns64":false,"enable_lni_at_device_index":null,"enable_resource_name_dns_a_record_on_launch":false,"enable_resource_name_dns_aaaa_record_on_launch":false,"ipv6_cidr_block":null,"ipv6_native":false,"map_customer_owned_ip_on_launch":null,"map_public_ip_on_launch":true,"outpost_arn":null,"tags":{"Name":"micro-services-vpc-public-eu-west-2c"},"tags_all":{"Name":"micro-services-vpc-public-eu-west-2c"},"timeouts":null},"sensitive_values":{"tags":{},"tags_all":{}}},{"address":"module.vpc.aws_vpc.main","mode":"managed","type":"aws_vpc","name":"main","provider_name":"registry.terraform.io/hashicorp/aws","schema_version":1,"values":{"assign_generated_ipv6_cidr_block":null,"cidr_block":"10.0.0.0/20","enable_dns_hostnames":true,"enable_dns_support":true,"instance_tenancy":"default","ipv4_ipam_pool_id":null,"ipv4_netmask_length":null,"ipv6_ipam_pool_id":null,"ipv6_netmask_length":null,"tags":{"Name":"micro-services-vpc"},"tags_all":{"Name":"micro-services-vpc"}},"sensitive_values":{"tags":{},"tags_all":{}}}],"address":"module.vpc"}]}},"resource_changes":[{"address":"module.autoscaling.aws_autoscaling_group.load_balancer_autoscaling_group[0]","module_address":"module.autoscaling","mode":"managed","type":"aws_autoscaling_group","name":"load_balancer_autoscaling_group","index":0,"provider_name":"registry.terraform.io/hashicorp/aws","change":{"actions":["create"],"before":null,"after":{"capacity_rebalance":null,"context":null,"default_instance_warmup":null,"desired_capacity":1,"desired_capacity_type":null,"enabled_metrics":null,"force_delete":false,"force_delete_warm_pool":false,"health_check_grace_period":300,"ignore_failed_scaling_activities":false,"initial_lifecycle_hook":[],"instance_maintenance_policy":[],"instance_refresh":[],"launch_configuration":null,"launch_template":[{"version":null}],"max_instance_lifetime":null,"max_size":3,"metrics_granularity":"1Minute","min_elb_capacity":null,"min_size":1,"name":"load-balancer-lighting-autoscaling_group","placement_group":null,"protect_from_scale_in":false,"suspended_processes":null,"tag":[{"key":"Name","propagate_at_launch":true,"value":"lighting-instance-autoscaling-group"}],"termination_policies":null,"timeouts":null,"wait_for_capacity_timeout":"10m","wait_for_elb_capacity":null,"warm_pool":[]},"after_unknown":{"arn":true,"availability_zones":true,"default_cooldown":true,"health_check_type":true,"id":true,"initial_lifecycle_hook":[],"instance_maintenance_policy":[],"instance_refresh":[],"launch_template":[{"id":true,"name":true}],"load_balancers":true,"mixed_instances_policy":true,"name_prefix":true,"predicted_capacity":true,"service_linked_role_arn":true,"tag":[{}],"target_group_arns":true,"traffic_source":true,"vpc_zone_identifier":true,"warm_pool":[],"warm_pool_size":true},"before_sensitive":false,"after_sensitive":{"availability_zones":[],"initial_lifecycle_hook":[],"instance_maintenance_policy":[],"instance_refresh":[],"launch_template":[{}],"load_balancers":[],"mixed_instances_policy":[],"tag":[{}],"target_group_arns":[],"traffic_source":[],"vpc_zone_identifier":[],"warm_pool":[]}}},{"address":"module.autoscaling.aws_autoscaling_group.load_balancer_autoscaling_group[1]","module_address":"module.autoscaling","mode":"managed","type":"aws_autoscaling_group","name":"load_balancer_autoscaling_group","index":1,"provider_name":"registry.terraform.io/hashicorp/aws","change":{"actions":["create"],"before":null,"after":{"capacity_rebalance":null,"context":null,"default_instance_warmup":null,"desired_capacity":1,"desired_capacity_type":null,"enabled_metrics":null,"force_delete":false,"force_delete_warm_pool":false,"health_check_grace_period":300,"ignore_failed_scaling_activities":false,"initial_lifecycle_hook":[],"instance_maintenance_policy":[],"instance_refresh":[],"launch_configuration":null,"launch_template":[{"version":null}],"max_instance_lifetime":null,"max_size":3,"metrics_granularity":"1Minute","min_elb_capacity":null,"min_size":1,"name":"load-balancer-heating-autoscaling_group","placement_group":null,"protect_from_scale_in":false,"suspended_processes":null,"tag":[{"key":"Name","propagate_at_launch":true,"value":"heating-instance-autoscaling-group"}],"termination_policies":null,"timeouts":null,"wait_for_capacity_timeout":"10m","wait_for_elb_capacity":null,"warm_pool":[]},"after_unknown":{"arn":true,"availability_zones":true,"default_cooldown":true,"health_check_type":true,"id":true,"initial_lifecycle_hook":[],"instance_maintenance_policy":[],"instance_refresh":[],"launch_template":[{"id":true,"name":true}],"load_balancers":true,"mixed_instances_policy":true,"name_prefix":true,"predicted_capacity":true,"service_linked_role_arn":true,"tag":[{}],"target_group_arns":true,"traffic_source":true,"vpc_zone_identifier":true,"warm_pool":[],"warm_pool_size":true},"before_sensitive":false,"after_sensitive":{"availability_zones":[],"initial_lifecycle_hook":[],"instance_maintenance_policy":[],"instance_refresh":[],"launch_template":[{}],"load_balancers":[],"mixed_instances_policy":[],"tag":[{}],"target_group_arns":[],"traffic_source":[],"vpc_zone_identifier":[],"warm_pool":[]}}},{"address":"module.autoscaling.aws_autoscaling_group.load_balancer_autoscaling_group[2]","module_address":"module.autoscaling","mode":"managed","type":"aws_autoscaling_group","name":"load_balancer_autoscaling_group","index":2,"provider_name":"registry.terraform.io/hashicorp/aws","change":{"actions":["create"],"before":null,"after":{"capacity_rebalance":null,"context":null,"default_instance_warmup":null,"desired_capacity":1,"desired_capacity_type":null,"enabled_metrics":null,"force_delete":false,"force_delete_warm_pool":false,"health_check_grace_period":300,"ignore_failed_scaling_activities":false,"initial_lifecycle_hook":[],"instance_maintenance_policy":[],"instance_refresh":[],"launch_configuration":null,"launch_template":[{"version":null}],"max_instance_lifetime":null,"max_size":3,"metrics_granularity":"1Minute","min_elb_capacity":null,"min_size":1,"name":"load-balancer-status-autoscaling_group","placement_group":null,"protect_from_scale_in":false,"suspended_processes":null,"tag":[{"key":"Name","propagate_at_launch":true,"value":"status-instance-autoscaling-group"}],"termination_policies":null,"timeouts":null,"wait_for_capacity_timeout":"10m","wait_for_elb_capacity":null,"warm_pool":[]},"after_unknown":{"arn":true,"availability_zones":true,"default_cooldown":true,"health_check_type":true,"id":true,"initial_lifecycle_hook":[],"instance_maintenance_policy":[],"instance_refresh":[],"launch_template":[{"id":true,"name":true}],"load_balancers":true,"mixed_instances_policy":true,"name_prefix":true,"predicted_capacity":true,"service_linked_role_arn":true,"tag":[{}],"target_group_arns":true,"traffic_source":true,"vpc_zone_identifier":true,"warm_pool":[],"warm_pool_size":true},"before_sensitive":false,"after_sensitive":{"availability_zones":[],"initial_lifecycle_hook":[],"instance_maintenance_policy":[],"instance_refresh":[],"launch_template":[{}],"load_balancers":[],"mixed_instances_policy":[],"tag":[{}],"target_group_arns":[],"traffic_source":[],"vpc_zone_identifier":[],"warm_pool":[]}}},{"address":"module.autoscaling.aws_launch_template.launch_template[0]","module_address":"module.autoscaling","mode":"managed","type":"aws_launch_template","name":"launch_template","index":0,"provider_name":"registry.terraform.io/hashicorp/aws","change":{"actions":["create"],"before":null,"after":{"block_device_mappings":[],"capacity_reservation_specification":[],"cpu_options":[],"credit_specification":[],"description":null,"disable_api_stop":null,"disable_api_termination":null,"ebs_optimized":null,"elastic_gpu_specifications":[],"elastic_inference_accelerator":[],"enclave_options":[],"hibernation_options":[],"iam_instance_profile":[],"image_id":"ami-0e6ba473035021977","instance_initiated_shutdown_behavior":null,"instance_market_options":[],"instance_requirements":[],"instance_type":"t2.micro","kernel_id":null,"key_name":"project-smart-home","license_specification":[],"maintenance_options":[],"monitoring":[],"name":"launch-template-lighting","network_interfaces":[{"associate_carrier_ip_address":null,"associate_public_ip_address":"true","delete_on_termination":null,"description":null,"device_index":0,"interface_type":null,"ipv4_address_count":null,"ipv4_addresses":null,"ipv4_prefix_count":null,"ipv4_prefixes":null,"ipv6_address_count":null,"ipv6_addresses":null,"ipv6_prefix_count":null,"ipv6_prefixes":null,"network_card_index":null,"network_interface_id":null,"private_ip_address":null,"security_groups":null,"subnet_id":null}],"placement":[],"private_dns_name_options":[],"ram_disk_id":null,"security_group_names":null,"tag_specifications":[{"resource_type":"instance","tags":{"Name":"launch-template-lighting"}}],"tags":null,"update_default_version":null,"user_data":null},"after_unknown":{"arn":true,"block_device_mappings":[],"capacity_reservation_specification":[],"cpu_options":[],"credit_specification":[],"default_version":true,"elastic_gpu_specifications":[],"elastic_inference_accelerator":[],"enclave_options":[],"hibernation_options":[],"iam_instance_profile":[],"id":true,"instance_market_options":[],"instance_requirements":[],"latest_version":true,"license_specification":[],"maintenance_options":[],"metadata_options":true,"monitoring":[],"name_prefix":true,"network_interfaces":[{}],"placement":[],"private_dns_name_options":[],"tag_specifications":[{"tags":{}}],"tags_all":true,"vpc_security_group_ids":true},"before_sensitive":false,"after_sensitive":{"block_device_mappings":[],"capacity_reservation_specification":[],"cpu_options":[],"credit_specification":[],"elastic_gpu_specifications":[],"elastic_inference_accelerator":[],"enclave_options":[],"hibernation_options":[],"iam_instance_profile":[],"instance_market_options":[],"instance_requirements":[],"license_specification":[],"maintenance_options":[],"metadata_options":[],"monitoring":[],"network_interfaces":[{}],"placement":[],"private_dns_name_options":[],"tag_specifications":[{"tags":{}}],"tags_all":{},"vpc_security_group_ids":[]}}},{"address":"module.autoscaling.aws_launch_template.launch_template[1]","module_address":"module.autoscaling","mode":"managed","type":"aws_launch_template","name":"launch_template","index":1,"provider_name":"registry.terraform.io/hashicorp/aws","change":{"actions":["create"],"before":null,"after":{"block_device_mappings":[],"capacity_reservation_specification":[],"cpu_options":[],"credit_specification":[],"description":null,"disable_api_stop":null,"disable_api_termination":null,"ebs_optimized":null,"elastic_gpu_specifications":[],"elastic_inference_accelerator":[],"enclave_options":[],"hibernation_options":[],"iam_instance_profile":[],"image_id":"ami-071bc604218b1e5d7","instance_initiated_shutdown_behavior":null,"instance_market_options":[],"instance_requirements":[],"instance_type":"t2.micro","kernel_id":null,"key_name":"project-smart-home","license_specification":[],"maintenance_options":[],"monitoring":[],"name":"launch-template-heating","network_interfaces":[{"associate_carrier_ip_address":null,"associate_public_ip_address":"true","delete_on_termination":null,"description":null,"device_index":0,"interface_type":null,"ipv4_address_count":null,"ipv4_addresses":null,"ipv4_prefix_count":null,"ipv4_prefixes":null,"ipv6_address_count":null,"ipv6_addresses":null,"ipv6_prefix_count":null,"ipv6_prefixes":null,"network_card_index":null,"network_interface_id":null,"private_ip_address":null,"security_groups":null,"subnet_id":null}],"placement":[],"private_dns_name_options":[],"ram_disk_id":null,"security_group_names":null,"tag_specifications":[{"resource_type":"instance","tags":{"Name":"launch-template-heating"}}],"tags":null,"update_default_version":null,"user_data":null},"after_unknown":{"arn":true,"block_device_mappings":[],"capacity_reservation_specification":[],"cpu_options":[],"credit_specification":[],"default_version":true,"elastic_gpu_specifications":[],"elastic_inference_accelerator":[],"enclave_options":[],"hibernation_options":[],"iam_instance_profile":[],"id":true,"instance_market_options":[],"instance_requirements":[],"latest_version":true,"license_specification":[],"maintenance_options":[],"metadata_options":true,"monitoring":[],"name_prefix":true,"network_interfaces":[{}],"placement":[],"private_dns_name_options":[],"tag_specifications":[{"tags":{}}],"tags_all":true,"vpc_security_group_ids":true},"before_sensitive":false,"after_sensitive":{"block_device_mappings":[],"capacity_reservation_specification":[],"cpu_options":[],"credit_specification":[],"elastic_gpu_specifications":[],"elastic_inference_accelerator":[],"enclave_options":[],"hibernation_options":[],"iam_instance_profile":[],"instance_market_options":[],"instance_requirements":[],"license_specification":[],"maintenance_options":[],"metadata_options":[],"monitoring":[],"network_interfaces":[{}],"placement":[],"private_dns_name_options":[],"tag_specifications":[{"tags":{}}],"tags_all":{},"vpc_security_group_ids":[]}}},{"address":"module.autoscaling.aws_launch_template.launch_template[2]","module_address":"module.autoscaling","mode":"managed","type":"aws_launch_template","name":"launch_template","index":2,"provider_name":"registry.terraform.io/hashicorp/aws","change":{"actions":["create"],"before":null,"after":{"block_device_mappings":[],"capacity_reservation_specification":[],"cpu_options":[],"credit_specification":[],"description":null,"disable_api_stop":null,"disable_api_termination":null,"ebs_optimized":null,"elastic_gpu_specifications":[],"elastic_inference_accelerator":[],"enclave_options":[],"hibernation_options":[],"iam_instance_profile":[],"image_id":"ami-011f5b87edc3fad57","instance_initiated_shutdown_behavior":null,"instance_market_options":[],"instance_requirements":[],"instance_type":"t2.micro","kernel_id":null,"key_name":"project-smart-home","license_specification":[],"maintenance_options":[],"monitoring":[],"name":"launch-template-status","network_interfaces":[{"associate_carrier_ip_address":null,"associate_public_ip_address":"true","delete_on_termination":null,"description":null,"device_index":0,"interface_type":null,"ipv4_address_count":null,"ipv4_addresses":null,"ipv4_prefix_count":null,"ipv4_prefixes":null,"ipv6_address_count":null,"ipv6_addresses":null,"ipv6_prefix_count":null,"ipv6_prefixes":null,"network_card_index":null,"network_interface_id":null,"private_ip_address":null,"security_groups":null,"subnet_id":null}],"placement":[],"private_dns_name_options":[],"ram_disk_id":null,"security_group_names":null,"tag_specifications":[{"resource_type":"instance","tags":{"Name":"launch-template-status"}}],"tags":null,"update_default_version":null,"user_data":null},"after_unknown":{"arn":true,"block_device_mappings":[],"capacity_reservation_specification":[],"cpu_options":[],"credit_specification":[],"default_version":true,"elastic_gpu_specifications":[],"elastic_inference_accelerator":[],"enclave_options":[],"hibernation_options":[],"iam_instance_profile":[],"id":true,"instance_market_options":[],"instance_requirements":[],"latest_version":true,"license_specification":[],"maintenance_options":[],"metadata_options":true,"monitoring":[],"name_prefix":true,"network_interfaces":[{}],"placement":[],"private_dns_name_options":[],"tag_specifications":[{"tags":{}}],"tags_all":true,"vpc_security_group_ids":true},"before_sensitive":false,"after_sensitive":{"block_device_mappings":[],"capacity_reservation_specification":[],"cpu_options":[],"credit_specification":[],"elastic_gpu_specifications":[],"elastic_inference_accelerator":[],"enclave_options":[],"hibernation_options":[],"iam_instance_profile":[],"instance_market_options":[],"instance_requirements":[],"license_specification":[],"maintenance_options":[],"metadata_options":[],"monitoring":[],"network_interfaces":[{}],"placement":[],"private_dns_name_options":[],"tag_specifications":[{"tags":{}}],"tags_all":{},"vpc_security_group_ids":[]}}},{"address":"module.database.aws_dynamodb_table.dynamodb_table[0]","module_address":"module.database","mode":"managed","type":"aws_dynamodb_table","name":"dynamodb_table","index":0,"provider_name":"registry.terraform.io/hashicorp/aws","change":{"actions":["create"],"before":null,"after":{"attribute":[{"name":"id","type":"N"}],"billing_mode":"PAY_PER_REQUEST","deletion_protection_enabled":null,"global_secondary_index":[],"hash_key":"id","import_table":[],"local_secondary_index":[],"name":"lighting","range_key":null,"replica":[],"restore_date_time":null,"restore_source_name":null,"restore_to_latest_time":null,"stream_enabled":null,"table_class":null,"tags":{"Name":"lighting-dynamodb-table"},"tags_all":{"Name":"lighting-dynamodb-table"},"timeouts":null},"after_unknown":{"arn":true,"attribute":[{}],"global_secondary_index":[],"id":true,"import_table":[],"local_secondary_index":[],"point_in_time_recovery":true,"read_capacity":true,"replica":[],"server_side_encryption":true,"stream_arn":true,"stream_label":true,"stream_view_type":true,"tags":{},"tags_all":{},"ttl":true,"write_capacity":true},"before_sensitive":false,"after_sensitive":{"attribute":[{}],"global_secondary_index":[],"import_table":[],"local_secondary_index":[],"point_in_time_recovery":[],"replica":[],"server_side_encryption":[],"tags":{},"tags_all":{},"ttl":[]}}},{"address":"module.database.aws_dynamodb_table.dynamodb_table[1]","module_address":"module.database","mode":"managed","type":"aws_dynamodb_table","name":"dynamodb_table","index":1,"provider_name":"registry.terraform.io/hashicorp/aws","change":{"actions":["create"],"before":null,"after":{"attribute":[{"name":"id","type":"N"}],"billing_mode":"PAY_PER_REQUEST","deletion_protection_enabled":null,"global_secondary_index":[],"hash_key":"id","import_table":[],"local_secondary_index":[],"name":"heating","range_key":null,"replica":[],"restore_date_time":null,"restore_source_name":null,"restore_to_latest_time":null,"stream_enabled":null,"table_class":null,"tags":{"Name":"heating-dynamodb-table"},"tags_all":{"Name":"heating-dynamodb-table"},"timeouts":null},"after_unknown":{"arn":true,"attribute":[{}],"global_secondary_index":[],"id":true,"import_table":[],"local_secondary_index":[],"point_in_time_recovery":true,"read_capacity":true,"replica":[],"server_side_encryption":true,"stream_arn":true,"stream_label":true,"stream_view_type":true,"tags":{},"tags_all":{},"ttl":true,"write_capacity":true},"before_sensitive":false,"after_sensitive":{"attribute":[{}],"global_secondary_index":[],"import_table":[],"local_secondary_index":[],"point_in_time_recovery":[],"replica":[],"server_side_encryption":[],"tags":{},"tags_all":{},"ttl":[]}}},{"address":"module.loadbalancer.aws_lb.lb_main","module_address":"module.loadbalancer","mode":"managed","type":"aws_lb","name":"lb_main","provider_name":"registry.terraform.io/hashicorp/aws","change":{"actions":["create"],"before":null,"after":{"access_logs":[],"customer_owned_ipv4_pool":null,"desync_mitigation_mode":"defensive","dns_record_client_routing_policy":null,"drop_invalid_header_fields":false,"enable_cross_zone_load_balancing":null,"enable_deletion_protection":false,"enable_http2":true,"enable_tls_version_and_cipher_suite_headers":false,"enable_waf_fail_open":false,"enable_xff_client_port":false,"idle_timeout":60,"internal":false,"load_balancer_type":"application","name":"lbmain","preserve_host_header":false,"tags":null,"timeouts":null,"xff_header_processing_mode":"append"},"after_unknown":{"access_logs":[],"arn":true,"arn_suffix":true,"dns_name":true,"id":true,"ip_address_type":true,"name_prefix":true,"security_groups":true,"subnet_mapping":true,"subnets":true,"tags_all":true,"vpc_id":true,"zone_id":true},"before_sensitive":false,"after_sensitive":{"access_logs":[],"security_groups":[],"subnet_mapping":[],"subnets":[],"tags_all":{}}}},{"address":"module.loadbalancer.aws_lb_listener.lb_listener","module_address":"module.loadbalancer","mode":"managed","type":"aws_lb_listener","name":"lb_listener","provider_name":"registry.terraform.io/hashicorp/aws","change":{"actions":["create"],"before":null,"after":{"alpn_policy":null,"certificate_arn":null,"default_action":[{"authenticate_cognito":[],"authenticate_oidc":[],"fixed_response":[],"forward":[],"redirect":[],"type":"forward"}],"port":3000,"protocol":"HTTP","tags":{"Name":"target-group-status"},"tags_all":{"Name":"target-group-status"},"timeouts":null},"after_unknown":{"arn":true,"default_action":[{"authenticate_cognito":[],"authenticate_oidc":[],"fixed_response":[],"forward":[],"order":true,"redirect":[],"target_group_arn":true}],"id":true,"load_balancer_arn":true,"ssl_policy":true,"tags":{},"tags_all":{}},"before_sensitive":false,"after_sensitive":{"default_action":[{"authenticate_cognito":[],"authenticate_oidc":[],"fixed_response":[],"forward":[],"redirect":[]}],"tags":{},"tags_all":{}}}},{"address":"module.loadbalancer.aws_lb_listener_rule.listener_rule[0]","module_address":"module.loadbalancer","mode":"managed","type":"aws_lb_listener_rule","name":"listener_rule","index":0,"provider_name":"registry.terraform.io/hashicorp/aws","change":{"actions":["create"],"before":null,"after":{"action":[{"authenticate_cognito":[],"authenticate_oidc":[],"fixed_response":[],"forward":[],"redirect":[],"type":"forward"}],"condition":[{"host_header":[],"http_header":[],"http_request_method":[],"path_pattern":[{"values":["/api/lights*"]}],"query_string":[],"source_ip":[]}],"tags":null},"after_unknown":{"action":[{"authenticate_cognito":[],"authenticate_oidc":[],"fixed_response":[],"forward":[],"order":true,"redirect":[],"target_group_arn":true}],"arn":true,"condition":[{"host_header":[],"http_header":[],"http_request_method":[],"path_pattern":[{"values":[false]}],"query_string":[],"source_ip":[]}],"id":true,"listener_arn":true,"priority":true,"tags_all":true},"before_sensitive":false,"after_sensitive":{"action":[{"authenticate_cognito":[],"authenticate_oidc":[],"fixed_response":[],"forward":[],"redirect":[]}],"condition":[{"host_header":[],"http_header":[],"http_request_method":[],"path_pattern":[{"values":[false]}],"query_string":[],"source_ip":[]}],"tags_all":{}}}},{"address":"module.loadbalancer.aws_lb_listener_rule.listener_rule[1]","module_address":"module.loadbalancer","mode":"managed","type":"aws_lb_listener_rule","name":"listener_rule","index":1,"provider_name":"registry.terraform.io/hashicorp/aws","change":{"actions":["create"],"before":null,"after":{"action":[{"authenticate_cognito":[],"authenticate_oidc":[],"fixed_response":[],"forward":[],"redirect":[],"type":"forward"}],"condition":[{"host_header":[],"http_header":[],"http_request_method":[],"path_pattern":[{"values":["/api/heating*"]}],"query_string":[],"source_ip":[]}],"tags":null},"after_unknown":{"action":[{"authenticate_cognito":[],"authenticate_oidc":[],"fixed_response":[],"forward":[],"order":true,"redirect":[],"target_group_arn":true}],"arn":true,"condition":[{"host_header":[],"http_header":[],"http_request_method":[],"path_pattern":[{"values":[false]}],"query_string":[],"source_ip":[]}],"id":true,"listener_arn":true,"priority":true,"tags_all":true},"before_sensitive":false,"after_sensitive":{"action":[{"authenticate_cognito":[],"authenticate_oidc":[],"fixed_response":[],"forward":[],"redirect":[]}],"condition":[{"host_header":[],"http_header":[],"http_request_method":[],"path_pattern":[{"values":[false]}],"query_string":[],"source_ip":[]}],"tags_all":{}}}},{"address":"module.loadbalancer.aws_lb_target_group.target_group[0]","module_address":"module.loadbalancer","mode":"managed","type":"aws_lb_target_group","name":"target_group","index":0,"provider_name":"registry.terraform.io/hashicorp/aws","change":{"actions":["create"],"before":null,"after":{"deregistration_delay":"300","health_check":[{"enabled":true,"healthy_threshold":3,"interval":30,"path":"/api/lights","port":"traffic-port","protocol":"HTTP","unhealthy_threshold":3}],"lambda_multi_value_headers_enabled":false,"name":"target-group-lighting","port":3000,"protocol":"HTTP","protocol_version":"HTTP1","proxy_protocol_v2":false,"slow_start":0,"tags":{"Name":"target-group-lighting"},"tags_all":{"Name":"target-group-lighting"},"target_type":"instance"},"after_unknown":{"arn":true,"arn_suffix":true,"connection_termination":true,"health_check":[{"matcher":true,"timeout":true}],"id":true,"ip_address_type":true,"load_balancing_algorithm_type":true,"load_balancing_cross_zone_enabled":true,"name_prefix":true,"preserve_client_ip":true,"stickiness":true,"tags":{},"tags_all":{},"target_failover":true,"target_health_state":true,"vpc_id":true},"before_sensitive":false,"after_sensitive":{"health_check":[{}],"stickiness":[],"tags":{},"tags_all":{},"target_failover":[],"target_health_state":[]}}},{"address":"module.loadbalancer.aws_lb_target_group.target_group[1]","module_address":"module.loadbalancer","mode":"managed","type":"aws_lb_target_group","name":"target_group","index":1,"provider_name":"registry.terraform.io/hashicorp/aws","change":{"actions":["create"],"before":null,"after":{"deregistration_delay":"300","health_check":[{"enabled":true,"healthy_threshold":3,"interval":30,"path":"/api/heating","port":"traffic-port","protocol":"HTTP","unhealthy_threshold":3}],"lambda_multi_value_headers_enabled":false,"name":"target-group-heating","port":3000,"protocol":"HTTP","protocol_version":"HTTP1","proxy_protocol_v2":false,"slow_start":0,"tags":{"Name":"target-group-heating"},"tags_all":{"Name":"target-group-heating"},"target_type":"instance"},"after_unknown":{"arn":true,"arn_suffix":true,"connection_termination":true,"health_check":[{"matcher":true,"timeout":true}],"id":true,"ip_address_type":true,"load_balancing_algorithm_type":true,"load_balancing_cross_zone_enabled":true,"name_prefix":true,"preserve_client_ip":true,"stickiness":true,"tags":{},"tags_all":{},"target_failover":true,"target_health_state":true,"vpc_id":true},"before_sensitive":false,"after_sensitive":{"health_check":[{}],"stickiness":[],"tags":{},"tags_all":{},"target_failover":[],"target_health_state":[]}}},{"address":"module.loadbalancer.aws_lb_target_group.target_group[2]","module_address":"module.loadbalancer","mode":"managed","type":"aws_lb_target_group","name":"target_group","index":2,"provider_name":"registry.terraform.io/hashicorp/aws","change":{"actions":["create"],"before":null,"after":{"deregistration_delay":"300","health_check":[{"enabled":true,"healthy_threshold":3,"interval":30,"path":"/api/status","port":"traffic-port","protocol":"HTTP","unhealthy_threshold":3}],"lambda_multi_value_headers_enabled":false,"name":"target-group-status","port":3000,"protocol":"HTTP","protocol_version":"HTTP1","proxy_protocol_v2":false,"slow_start":0,"tags":{"Name":"target-group-status"},"tags_all":{"Name":"target-group-status"},"target_type":"instance"},"after_unknown":{"arn":true,"arn_suffix":true,"connection_termination":true,"health_check":[{"matcher":true,"timeout":true}],"id":true,"ip_address_type":true,"load_balancing_algorithm_type":true,"load_balancing_cross_zone_enabled":true,"name_prefix":true,"preserve_client_ip":true,"stickiness":true,"tags":{},"tags_all":{},"target_failover":true,"target_health_state":true,"vpc_id":true},"before_sensitive":false,"after_sensitive":{"health_check":[{}],"stickiness":[],"tags":{},"tags_all":{},"target_failover":[],"target_health_state":[]}}},{"address":"module.loadbalancer.aws_lb_target_group_attachment.target_group_servers_attachment[0]","module_address":"module.loadbalancer","mode":"managed","type":"aws_lb_target_group_attachment","name":"target_group_servers_attachment","index":0,"provider_name":"registry.terraform.io/hashicorp/aws","change":{"actions":["create"],"before":null,"after":{"availability_zone":null,"port":3000},"after_unknown":{"id":true,"target_group_arn":true,"target_id":true},"before_sensitive":false,"after_sensitive":{}}},{"address":"module.loadbalancer.aws_lb_target_group_attachment.target_group_servers_attachment[1]","module_address":"module.loadbalancer","mode":"managed","type":"aws_lb_target_group_attachment","name":"target_group_servers_attachment","index":1,"provider_name":"registry.terraform.io/hashicorp/aws","change":{"actions":["create"],"before":null,"after":{"availability_zone":null,"port":3000},"after_unknown":{"id":true,"target_group_arn":true,"target_id":true},"before_sensitive":false,"after_sensitive":{}}},{"address":"module.loadbalancer.aws_lb_target_group_attachment.target_group_servers_attachment[2]","module_address":"module.loadbalancer","mode":"managed","type":"aws_lb_target_group_attachment","name":"target_group_servers_attachment","index":2,"provider_name":"registry.terraform.io/hashicorp/aws","change":{"actions":["create"],"before":null,"after":{"availability_zone":null,"port":3000},"after_unknown":{"id":true,"target_group_arn":true,"target_id":true},"before_sensitive":false,"after_sensitive":{}}},{"address":"module.security.aws_security_group.allow_http","module_address":"module.security","mode":"managed","type":"aws_security_group","name":"allow_http","provider_name":"registry.terraform.io/hashicorp/aws","change":{"actions":["create"],"before":null,"after":{"description":"allows ingress and egress traffic for HTTP requests from all external sources","name":"allow_http","revoke_rules_on_delete":false,"tags":null,"timeouts":null},"after_unknown":{"arn":true,"egress":true,"id":true,"ingress":true,"name_prefix":true,"owner_id":true,"tags_all":true,"vpc_id":true},"before_sensitive":false,"after_sensitive":{"egress":[],"ingress":[],"tags_all":{}}}},{"address":"module.security.aws_security_group.allow_https","module_address":"module.security","mode":"managed","type":"aws_security_group","name":"allow_https","provider_name":"registry.terraform.io/hashicorp/aws","change":{"actions":["create"],"before":null,"after":{"description":"allows ingress and egress traffic for HTTPS requests from all external sources","name":"allow_https","revoke_rules_on_delete":false,"tags":null,"timeouts":null},"after_unknown":{"arn":true,"egress":true,"id":true,"ingress":true,"name_prefix":true,"owner_id":true,"tags_all":true,"vpc_id":true},"before_sensitive":false,"after_sensitive":{"egress":[],"ingress":[],"tags_all":{}}}},{"address":"module.security.aws_security_group.allow_port_3000","module_address":"module.security","mode":"managed","type":"aws_security_group","name":"allow_port_3000","provider_name":"registry.terraform.io/hashicorp/aws","change":{"actions":["create"],"before":null,"after":{"description":"allows ingress on port 3000 for lighting application","name":"allow_port_3000","revoke_rules_on_delete":false,"tags":null,"timeouts":null},"after_unknown":{"arn":true,"egress":true,"id":true,"ingress":true,"name_prefix":true,"owner_id":true,"tags_all":true,"vpc_id":true},"before_sensitive":false,"after_sensitive":{"egress":[],"ingress":[],"tags_all":{}}}},{"address":"module.security.aws_security_group.allow_ssh","module_address":"module.security","mode":"managed","type":"aws_security_group","name":"allow_ssh","provider_name":"registry.terraform.io/hashicorp/aws","change":{"actions":["create"],"before":null,"after":{"description":"allows ingress ssh from own IP address","name":"allow_ssh","revoke_rules_on_delete":false,"tags":null,"timeouts":null},"after_unknown":{"arn":true,"egress":true,"id":true,"ingress":true,"name_prefix":true,"owner_id":true,"tags_all":true,"vpc_id":true},"before_sensitive":false,"after_sensitive":{"egress":[],"ingress":[],"tags_all":{}}}},{"address":"module.security.aws_security_group_rule.allow_egress_http","module_address":"module.security","mode":"managed","type":"aws_security_group_rule","name":"allow_egress_http","provider_name":"registry.terraform.io/hashicorp/aws","change":{"actions":["create"],"before":null,"after":{"cidr_blocks":["0.0.0.0/0"],"description":null,"from_port":80,"ipv6_cidr_blocks":["::/0"],"prefix_list_ids":null,"protocol":"tcp","self":false,"timeouts":null,"to_port":80,"type":"egress"},"after_unknown":{"cidr_blocks":[false],"id":true,"ipv6_cidr_blocks":[false],"security_group_id":true,"security_group_rule_id":true,"source_security_group_id":true},"before_sensitive":false,"after_sensitive":{"cidr_blocks":[false],"ipv6_cidr_blocks":[false]}}},{"address":"module.security.aws_security_group_rule.allow_egress_https","module_address":"module.security","mode":"managed","type":"aws_security_group_rule","name":"allow_egress_https","provider_name":"registry.terraform.io/hashicorp/aws","change":{"actions":["create"],"before":null,"after":{"cidr_blocks":["0.0.0.0/0"],"description":null,"from_port":443,"ipv6_cidr_blocks":["::/0"],"prefix_list_ids":null,"protocol":"tcp","self":false,"timeouts":null,"to_port":443,"type":"egress"},"after_unknown":{"cidr_blocks":[false],"id":true,"ipv6_cidr_blocks":[false],"security_group_id":true,"security_group_rule_id":true,"source_security_group_id":true},"before_sensitive":false,"after_sensitive":{"cidr_blocks":[false],"ipv6_cidr_blocks":[false]}}},{"address":"module.security.aws_security_group_rule.allow_egress_port_3000","module_address":"module.security","mode":"managed","type":"aws_security_group_rule","name":"allow_egress_port_3000","provider_name":"registry.terraform.io/hashicorp/aws","change":{"actions":["create"],"before":null,"after":{"cidr_blocks":["0.0.0.0/0"],"description":null,"from_port":3000,"ipv6_cidr_blocks":["::/0"],"prefix_list_ids":null,"protocol":"tcp","self":false,"timeouts":null,"to_port":3000,"type":"egress"},"after_unknown":{"cidr_blocks":[false],"id":true,"ipv6_cidr_blocks":[false],"security_group_id":true,"security_group_rule_id":true,"source_security_group_id":true},"before_sensitive":false,"after_sensitive":{"cidr_blocks":[false],"ipv6_cidr_blocks":[false]}}},{"address":"module.security.aws_security_group_rule.allow_ingress_http","module_address":"module.security","mode":"managed","type":"aws_security_group_rule","name":"allow_ingress_http","provider_name":"registry.terraform.io/hashicorp/aws","change":{"actions":["create"],"before":null,"after":{"cidr_blocks":["0.0.0.0/0"],"description":null,"from_port":80,"ipv6_cidr_blocks":["::/0"],"prefix_list_ids":null,"protocol":"tcp","self":false,"timeouts":null,"to_port":80,"type":"ingress"},"after_unknown":{"cidr_blocks":[false],"id":true,"ipv6_cidr_blocks":[false],"security_group_id":true,"security_group_rule_id":true,"source_security_group_id":true},"before_sensitive":false,"after_sensitive":{"cidr_blocks":[false],"ipv6_cidr_blocks":[false]}}},{"address":"module.security.aws_security_group_rule.allow_ingress_https","module_address":"module.security","mode":"managed","type":"aws_security_group_rule","name":"allow_ingress_https","provider_name":"registry.terraform.io/hashicorp/aws","change":{"actions":["create"],"before":null,"after":{"cidr_blocks":["0.0.0.0/0"],"description":null,"from_port":443,"ipv6_cidr_blocks":["::/0"],"prefix_list_ids":null,"protocol":"tcp","self":false,"timeouts":null,"to_port":443,"type":"ingress"},"after_unknown":{"cidr_blocks":[false],"id":true,"ipv6_cidr_blocks":[false],"security_group_id":true,"security_group_rule_id":true,"source_security_group_id":true},"before_sensitive":false,"after_sensitive":{"cidr_blocks":[false],"ipv6_cidr_blocks":[false]}}},{"address":"module.security.aws_security_group_rule.allow_ingress_port_3000","module_address":"module.security","mode":"managed","type":"aws_security_group_rule","name":"allow_ingress_port_3000","provider_name":"registry.terraform.io/hashicorp/aws","change":{"actions":["create"],"before":null,"after":{"cidr_blocks":["0.0.0.0/0"],"description":null,"from_port":3000,"ipv6_cidr_blocks":["::/0"],"prefix_list_ids":null,"protocol":"tcp","self":false,"timeouts":null,"to_port":3000,"type":"ingress"},"after_unknown":{"cidr_blocks":[false],"id":true,"ipv6_cidr_blocks":[false],"security_group_id":true,"security_group_rule_id":true,"source_security_group_id":true},"before_sensitive":false,"after_sensitive":{"cidr_blocks":[false],"ipv6_cidr_blocks":[false]}}},{"address":"module.security.aws_security_group_rule.allow_ssh","module_address":"module.security","mode":"managed","type":"aws_security_group_rule","name":"allow_ssh","provider_name":"registry.terraform.io/hashicorp/aws","change":{"actions":["create"],"before":null,"after":{"cidr_blocks":["86.167.218.143/32"],"description":null,"from_port":22,"ipv6_cidr_blocks":null,"prefix_list_ids":null,"protocol":"tcp","self":false,"timeouts":null,"to_port":22,"type":"ingress"},"after_unknown":{"cidr_blocks":[false],"id":true,"security_group_id":true,"security_group_rule_id":true,"source_security_group_id":true},"before_sensitive":false,"after_sensitive":{"cidr_blocks":[false]}}},{"address":"module.servers.aws_instance.servers[0]","module_address":"module.servers","mode":"managed","type":"aws_instance","name":"servers","index":0,"provider_name":"registry.terraform.io/hashicorp/aws","change":{"actions":["create"],"before":null,"after":{"ami":"ami-0e6ba473035021977","associate_public_ip_address":true,"credit_specification":[],"get_password_data":false,"hibernation":null,"instance_type":"t2.micro","key_name":"project-smart-home","launch_template":[],"source_dest_check":true,"tags":{"Name":"server_lighting"},"tags_all":{"Name":"server_lighting"},"timeouts":null,"user_data_replace_on_change":false,"volume_tags":null},"after_unknown":{"arn":true,"availability_zone":true,"capacity_reservation_specification":true,"cpu_core_count":true,"cpu_options":true,"cpu_threads_per_core":true,"credit_specification":[],"disable_api_stop":true,"disable_api_termination":true,"ebs_block_device":true,"ebs_optimized":true,"enclave_options":true,"ephemeral_block_device":true,"host_id":true,"host_resource_group_arn":true,"iam_instance_profile":true,"id":true,"instance_initiated_shutdown_behavior":true,"instance_lifecycle":true,"instance_market_options":true,"instance_state":true,"ipv6_address_count":true,"ipv6_addresses":true,"launch_template":[],"maintenance_options":true,"metadata_options":true,"monitoring":true,"network_interface":true,"outpost_arn":true,"password_data":true,"placement_group":true,"placement_partition_number":true,"primary_network_interface_id":true,"private_dns":true,"private_dns_name_options":true,"private_ip":true,"public_dns":true,"public_ip":true,"root_block_device":true,"secondary_private_ips":true,"security_groups":true,"spot_instance_request_id":true,"subnet_id":true,"tags":{},"tags_all":{},"tenancy":true,"user_data":true,"user_data_base64":true,"vpc_security_group_ids":true},"before_sensitive":false,"after_sensitive":{"capacity_reservation_specification":[],"cpu_options":[],"credit_specification":[],"ebs_block_device":[],"enclave_options":[],"ephemeral_block_device":[],"instance_market_options":[],"ipv6_addresses":[],"launch_template":[],"maintenance_options":[],"metadata_options":[],"network_interface":[],"private_dns_name_options":[],"root_block_device":[],"secondary_private_ips":[],"security_groups":[],"tags":{},"tags_all":{},"vpc_security_group_ids":[]}}},{"address":"module.servers.aws_instance.servers[1]","module_address":"module.servers","mode":"managed","type":"aws_instance","name":"servers","index":1,"provider_name":"registry.terraform.io/hashicorp/aws","change":{"actions":["create"],"before":null,"after":{"ami":"ami-071bc604218b1e5d7","associate_public_ip_address":true,"credit_specification":[],"get_password_data":false,"hibernation":null,"instance_type":"t2.micro","key_name":"project-smart-home","launch_template":[],"source_dest_check":true,"tags":{"Name":"server_heating"},"tags_all":{"Name":"server_heating"},"timeouts":null,"user_data_replace_on_change":false,"volume_tags":null},"after_unknown":{"arn":true,"availability_zone":true,"capacity_reservation_specification":true,"cpu_core_count":true,"cpu_options":true,"cpu_threads_per_core":true,"credit_specification":[],"disable_api_stop":true,"disable_api_termination":true,"ebs_block_device":true,"ebs_optimized":true,"enclave_options":true,"ephemeral_block_device":true,"host_id":true,"host_resource_group_arn":true,"iam_instance_profile":true,"id":true,"instance_initiated_shutdown_behavior":true,"instance_lifecycle":true,"instance_market_options":true,"instance_state":true,"ipv6_address_count":true,"ipv6_addresses":true,"launch_template":[],"maintenance_options":true,"metadata_options":true,"monitoring":true,"network_interface":true,"outpost_arn":true,"password_data":true,"placement_group":true,"placement_partition_number":true,"primary_network_interface_id":true,"private_dns":true,"private_dns_name_options":true,"private_ip":true,"public_dns":true,"public_ip":true,"root_block_device":true,"secondary_private_ips":true,"security_groups":true,"spot_instance_request_id":true,"subnet_id":true,"tags":{},"tags_all":{},"tenancy":true,"user_data":true,"user_data_base64":true,"vpc_security_group_ids":true},"before_sensitive":false,"after_sensitive":{"capacity_reservation_specification":[],"cpu_options":[],"credit_specification":[],"ebs_block_device":[],"enclave_options":[],"ephemeral_block_device":[],"instance_market_options":[],"ipv6_addresses":[],"launch_template":[],"maintenance_options":[],"metadata_options":[],"network_interface":[],"private_dns_name_options":[],"root_block_device":[],"secondary_private_ips":[],"security_groups":[],"tags":{},"tags_all":{},"vpc_security_group_ids":[]}}},{"address":"module.servers.aws_instance.servers[2]","module_address":"module.servers","mode":"managed","type":"aws_instance","name":"servers","index":2,"provider_name":"registry.terraform.io/hashicorp/aws","change":{"actions":["create"],"before":null,"after":{"ami":"ami-011f5b87edc3fad57","associate_public_ip_address":true,"credit_specification":[],"get_password_data":false,"hibernation":null,"instance_type":"t2.micro","key_name":"project-smart-home","launch_template":[],"source_dest_check":true,"tags":{"Name":"server_status"},"tags_all":{"Name":"server_status"},"timeouts":null,"user_data_replace_on_change":false,"volume_tags":null},"after_unknown":{"arn":true,"availability_zone":true,"capacity_reservation_specification":true,"cpu_core_count":true,"cpu_options":true,"cpu_threads_per_core":true,"credit_specification":[],"disable_api_stop":true,"disable_api_termination":true,"ebs_block_device":true,"ebs_optimized":true,"enclave_options":true,"ephemeral_block_device":true,"host_id":true,"host_resource_group_arn":true,"iam_instance_profile":true,"id":true,"instance_initiated_shutdown_behavior":true,"instance_lifecycle":true,"instance_market_options":true,"instance_state":true,"ipv6_address_count":true,"ipv6_addresses":true,"launch_template":[],"maintenance_options":true,"metadata_options":true,"monitoring":true,"network_interface":true,"outpost_arn":true,"password_data":true,"placement_group":true,"placement_partition_number":true,"primary_network_interface_id":true,"private_dns":true,"private_dns_name_options":true,"private_ip":true,"public_dns":true,"public_ip":true,"root_block_device":true,"secondary_private_ips":true,"security_groups":true,"spot_instance_request_id":true,"subnet_id":true,"tags":{},"tags_all":{},"tenancy":true,"user_data":true,"user_data_base64":true,"vpc_security_group_ids":true},"before_sensitive":false,"after_sensitive":{"capacity_reservation_specification":[],"cpu_options":[],"credit_specification":[],"ebs_block_device":[],"enclave_options":[],"ephemeral_block_device":[],"instance_market_options":[],"ipv6_addresses":[],"launch_template":[],"maintenance_options":[],"metadata_options":[],"network_interface":[],"private_dns_name_options":[],"root_block_device":[],"secondary_private_ips":[],"security_groups":[],"tags":{},"tags_all":{},"vpc_security_group_ids":[]}}},{"address":"module.vpc.aws_internet_gateway.igw","module_address":"module.vpc","mode":"managed","type":"aws_internet_gateway","name":"igw","provider_name":"registry.terraform.io/hashicorp/aws","change":{"actions":["create"],"before":null,"after":{"tags":{"Name":"igw_micro-services-vpc"},"tags_all":{"Name":"igw_micro-services-vpc"},"timeouts":null},"after_unknown":{"arn":true,"id":true,"owner_id":true,"tags":{},"tags_all":{},"vpc_id":true},"before_sensitive":false,"after_sensitive":{"tags":{},"tags_all":{}}}},{"address":"module.vpc.aws_route.public_igw","module_address":"module.vpc","mode":"managed","type":"aws_route","name":"public_igw","provider_name":"registry.terraform.io/hashicorp/aws","change":{"actions":["create"],"before":null,"after":{"carrier_gateway_id":null,"core_network_arn":null,"destination_cidr_block":"0.0.0.0/0","destination_ipv6_cidr_block":null,"destination_prefix_list_id":null,"egress_only_gateway_id":null,"local_gateway_id":null,"nat_gateway_id":null,"timeouts":null,"transit_gateway_id":null,"vpc_endpoint_id":null,"vpc_peering_connection_id":null},"after_unknown":{"gateway_id":true,"id":true,"instance_id":true,"instance_owner_id":true,"network_interface_id":true,"origin":true,"route_table_id":true,"state":true},"before_sensitive":false,"after_sensitive":{}}},{"address":"module.vpc.aws_route_table.route_table","module_address":"module.vpc","mode":"managed","type":"aws_route_table","name":"route_table","provider_name":"registry.terraform.io/hashicorp/aws","change":{"actions":["create"],"before":null,"after":{"tags":{"Name":"micro-services-vpc-route-table"},"tags_all":{"Name":"micro-services-vpc-route-table"},"timeouts":null},"after_unknown":{"arn":true,"id":true,"owner_id":true,"propagating_vgws":true,"route":true,"tags":{},"tags_all":{},"vpc_id":true},"before_sensitive":false,"after_sensitive":{"propagating_vgws":[],"route":[],"tags":{},"tags_all":{}}}},{"address":"module.vpc.aws_route_table_association.public_route_table_association[0]","module_address":"module.vpc","mode":"managed","type":"aws_route_table_association","name":"public_route_table_association","index":0,"provider_name":"registry.terraform.io/hashicorp/aws","change":{"actions":["create"],"before":null,"after":{"gateway_id":null,"timeouts":null},"after_unknown":{"id":true,"route_table_id":true,"subnet_id":true},"before_sensitive":false,"after_sensitive":{}}},{"address":"module.vpc.aws_route_table_association.public_route_table_association[1]","module_address":"module.vpc","mode":"managed","type":"aws_route_table_association","name":"public_route_table_association","index":1,"provider_name":"registry.terraform.io/hashicorp/aws","change":{"actions":["create"],"before":null,"after":{"gateway_id":null,"timeouts":null},"after_unknown":{"id":true,"route_table_id":true,"subnet_id":true},"before_sensitive":false,"after_sensitive":{}}},{"address":"module.vpc.aws_route_table_association.public_route_table_association[2]","module_address":"module.vpc","mode":"managed","type":"aws_route_table_association","name":"public_route_table_association","index":2,"provider_name":"registry.terraform.io/hashicorp/aws","change":{"actions":["create"],"before":null,"after":{"gateway_id":null,"timeouts":null},"after_unknown":{"id":true,"route_table_id":true,"subnet_id":true},"before_sensitive":false,"after_sensitive":{}}},{"address":"module.vpc.aws_subnet.private[0]","module_address":"module.vpc","mode":"managed","type":"aws_subnet","name":"private","index":0,"provider_name":"registry.terraform.io/hashicorp/aws","change":{"actions":["create"],"before":null,"after":{"assign_ipv6_address_on_creation":false,"availability_zone":"eu-west-2a","cidr_block":"10.0.1.0/24","customer_owned_ipv4_pool":null,"enable_dns64":false,"enable_lni_at_device_index":null,"enable_resource_name_dns_a_record_on_launch":false,"enable_resource_name_dns_aaaa_record_on_launch":false,"ipv6_cidr_block":null,"ipv6_native":false,"map_customer_owned_ip_on_launch":null,"map_public_ip_on_launch":false,"outpost_arn":null,"tags":{"Name":"micro-services-vpc-private-eu-west-2a"},"tags_all":{"Name":"micro-services-vpc-private-eu-west-2a"},"timeouts":null},"after_unknown":{"arn":true,"availability_zone_id":true,"id":true,"ipv6_cidr_block_association_id":true,"owner_id":true,"private_dns_hostname_type_on_launch":true,"tags":{},"tags_all":{},"vpc_id":true},"before_sensitive":false,"after_sensitive":{"tags":{},"tags_all":{}}}},{"address":"module.vpc.aws_subnet.private[1]","module_address":"module.vpc","mode":"managed","type":"aws_subnet","name":"private","index":1,"provider_name":"registry.terraform.io/hashicorp/aws","change":{"actions":["create"],"before":null,"after":{"assign_ipv6_address_on_creation":false,"availability_zone":"eu-west-2b","cidr_block":"10.0.3.0/24","customer_owned_ipv4_pool":null,"enable_dns64":false,"enable_lni_at_device_index":null,"enable_resource_name_dns_a_record_on_launch":false,"enable_resource_name_dns_aaaa_record_on_launch":false,"ipv6_cidr_block":null,"ipv6_native":false,"map_customer_owned_ip_on_launch":null,"map_public_ip_on_launch":false,"outpost_arn":null,"tags":{"Name":"micro-services-vpc-private-eu-west-2b"},"tags_all":{"Name":"micro-services-vpc-private-eu-west-2b"},"timeouts":null},"after_unknown":{"arn":true,"availability_zone_id":true,"id":true,"ipv6_cidr_block_association_id":true,"owner_id":true,"private_dns_hostname_type_on_launch":true,"tags":{},"tags_all":{},"vpc_id":true},"before_sensitive":false,"after_sensitive":{"tags":{},"tags_all":{}}}},{"address":"module.vpc.aws_subnet.private[2]","module_address":"module.vpc","mode":"managed","type":"aws_subnet","name":"private","index":2,"provider_name":"registry.terraform.io/hashicorp/aws","change":{"actions":["create"],"before":null,"after":{"assign_ipv6_address_on_creation":false,"availability_zone":"eu-west-2c","cidr_block":"10.0.5.0/24","customer_owned_ipv4_pool":null,"enable_dns64":false,"enable_lni_at_device_index":null,"enable_resource_name_dns_a_record_on_launch":false,"enable_resource_name_dns_aaaa_record_on_launch":false,"ipv6_cidr_block":null,"ipv6_native":false,"map_customer_owned_ip_on_launch":null,"map_public_ip_on_launch":false,"outpost_arn":null,"tags":{"Name":"micro-services-vpc-private-eu-west-2c"},"tags_all":{"Name":"micro-services-vpc-private-eu-west-2c"},"timeouts":null},"after_unknown":{"arn":true,"availability_zone_id":true,"id":true,"ipv6_cidr_block_association_id":true,"owner_id":true,"private_dns_hostname_type_on_launch":true,"tags":{},"tags_all":{},"vpc_id":true},"before_sensitive":false,"after_sensitive":{"tags":{},"tags_all":{}}}},{"address":"module.vpc.aws_subnet.public[0]","module_address":"module.vpc","mode":"managed","type":"aws_subnet","name":"public","index":0,"provider_name":"registry.terraform.io/hashicorp/aws","change":{"actions":["create"],"before":null,"after":{"assign_ipv6_address_on_creation":false,"availability_zone":"eu-west-2a","cidr_block":"10.0.2.0/24","customer_owned_ipv4_pool":null,"enable_dns64":false,"enable_lni_at_device_index":null,"enable_resource_name_dns_a_record_on_launch":false,"enable_resource_name_dns_aaaa_record_on_launch":false,"ipv6_cidr_block":null,"ipv6_native":false,"map_customer_owned_ip_on_launch":null,"map_public_ip_on_launch":true,"outpost_arn":null,"tags":{"Name":"micro-services-vpc-public-eu-west-2a"},"tags_all":{"Name":"micro-services-vpc-public-eu-west-2a"},"timeouts":null},"after_unknown":{"arn":true,"availability_zone_id":true,"id":true,"ipv6_cidr_block_association_id":true,"owner_id":true,"private_dns_hostname_type_on_launch":true,"tags":{},"tags_all":{},"vpc_id":true},"before_sensitive":false,"after_sensitive":{"tags":{},"tags_all":{}}}},{"address":"module.vpc.aws_subnet.public[1]","module_address":"module.vpc","mode":"managed","type":"aws_subnet","name":"public","index":1,"provider_name":"registry.terraform.io/hashicorp/aws","change":{"actions":["create"],"before":null,"after":{"assign_ipv6_address_on_creation":false,"availability_zone":"eu-west-2b","cidr_block":"10.0.4.0/24","customer_owned_ipv4_pool":null,"enable_dns64":false,"enable_lni_at_device_index":null,"enable_resource_name_dns_a_record_on_launch":false,"enable_resource_name_dns_aaaa_record_on_launch":false,"ipv6_cidr_block":null,"ipv6_native":false,"map_customer_owned_ip_on_launch":null,"map_public_ip_on_launch":true,"outpost_arn":null,"tags":{"Name":"micro-services-vpc-public-eu-west-2b"},"tags_all":{"Name":"micro-services-vpc-public-eu-west-2b"},"timeouts":null},"after_unknown":{"arn":true,"availability_zone_id":true,"id":true,"ipv6_cidr_block_association_id":true,"owner_id":true,"private_dns_hostname_type_on_launch":true,"tags":{},"tags_all":{},"vpc_id":true},"before_sensitive":false,"after_sensitive":{"tags":{},"tags_all":{}}}},{"address":"module.vpc.aws_subnet.public[2]","module_address":"module.vpc","mode":"managed","type":"aws_subnet","name":"public","index":2,"provider_name":"registry.terraform.io/hashicorp/aws","change":{"actions":["create"],"before":null,"after":{"assign_ipv6_address_on_creation":false,"availability_zone":"eu-west-2c","cidr_block":"10.0.6.0/24","customer_owned_ipv4_pool":null,"enable_dns64":false,"enable_lni_at_device_index":null,"enable_resource_name_dns_a_record_on_launch":false,"enable_resource_name_dns_aaaa_record_on_launch":false,"ipv6_cidr_block":null,"ipv6_native":false,"map_customer_owned_ip_on_launch":null,"map_public_ip_on_launch":true,"outpost_arn":null,"tags":{"Name":"micro-services-vpc-public-eu-west-2c"},"tags_all":{"Name":"micro-services-vpc-public-eu-west-2c"},"timeouts":null},"after_unknown":{"arn":true,"availability_zone_id":true,"id":true,"ipv6_cidr_block_association_id":true,"owner_id":true,"private_dns_hostname_type_on_launch":true,"tags":{},"tags_all":{},"vpc_id":true},"before_sensitive":false,"after_sensitive":{"tags":{},"tags_all":{}}}},{"address":"module.vpc.aws_vpc.main","module_address":"module.vpc","mode":"managed","type":"aws_vpc","name":"main","provider_name":"registry.terraform.io/hashicorp/aws","change":{"actions":["create"],"before":null,"after":{"assign_generated_ipv6_cidr_block":null,"cidr_block":"10.0.0.0/20","enable_dns_hostnames":true,"enable_dns_support":true,"instance_tenancy":"default","ipv4_ipam_pool_id":null,"ipv4_netmask_length":null,"ipv6_ipam_pool_id":null,"ipv6_netmask_length":null,"tags":{"Name":"micro-services-vpc"},"tags_all":{"Name":"micro-services-vpc"}},"after_unknown":{"arn":true,"default_network_acl_id":true,"default_route_table_id":true,"default_security_group_id":true,"dhcp_options_id":true,"enable_network_address_usage_metrics":true,"id":true,"ipv6_association_id":true,"ipv6_cidr_block":true,"ipv6_cidr_block_network_border_group":true,"main_route_table_id":true,"owner_id":true,"tags":{},"tags_all":{}},"before_sensitive":false,"after_sensitive":{"tags":{},"tags_all":{}}}}],"prior_state":{"format_version":"1.0","terraform_version":"1.6.5","values":{"root_module":{"child_modules":[{"resources":[{"address":"module.security.data.http.myipv4address","mode":"data","type":"http","name":"myipv4address","provider_name":"registry.terraform.io/hashicorp/http","schema_version":0,"values":{"body":"86.167.218.143\n","ca_cert_pem":null,"id":"http://ipv4.icanhazip.com","insecure":null,"method":null,"request_body":null,"request_headers":null,"request_timeout_ms":null,"response_body":"86.167.218.143\n","response_body_base64":"ODYuMTY3LjIxOC4xNDMK","response_headers":{"Access-Control-Allow-Methods":"GET","Access-Control-Allow-Origin":"*","Alt-Svc":"h3=\":443\"; ma=86400","Cf-Ray":"83ec04ef18a3657b-LHR","Connection":"keep-alive","Content-Length":"15","Content-Type":"text/plain","Date":"Mon, 01 Jan 2024 16:08:08 GMT","Server":"cloudflare","Set-Cookie":"__cf_bm=QQiH3SrMhEHfOLCuls4eeFaf940A46_HNxMfjFWSVBk-1704125288-1-Aas6eN9YFpiVFCn3t/6RkqtrwSBv7qYdFLjrGoWqpjtRfzgOeTfJgpMDT3PZPWfjpkYZns105Cukp9nkVYsG/MY=; path=/; expires=Mon, 01-Jan-24 16:38:08 GMT; domain=.icanhazip.com; HttpOnly; SameSite=None","Vary":"Accept-Encoding"},"retry":null,"status_code":200,"url":"http://ipv4.icanhazip.com"},"sensitive_values":{"response_headers":{}}}],"address":"module.security"}]}}},"configuration":{"provider_config":{"aws":{"name":"aws","full_name":"registry.terraform.io/hashicorp/aws","version_constraint":"~\u003e 5.0","expressions":{"region":{"constant_value":"eu-west-2"}}},"module.security:http":{"name":"http","full_name":"registry.terraform.io/hashicorp/http","module_address":"module.security"}},"root_module":{"module_calls":{"autoscaling":{"source":"./modules/autoscaling","expressions":{"ami_ids":{"references":["var.ami_ids"]},"desired_capacity":{"references":["var.desired_capacity"]},"instance_type":{"references":["var.instance_type"]},"key_name":{"references":["var.key_name"]},"load_balancer_target_group_arns":{"references":["module.loadbalancer.load_balancer_target_group_arns","module.loadbalancer"]},"max_size":{"references":["var.max_size"]},"min_size":{"references":["var.min_size"]},"public_subnet_ids":{"references":["module.vpc.public_subnets_ids","module.vpc"]},"security_groups_ids":{"references":["module.security.security_groups_ids","module.security"]},"service_names":{"references":["var.service_names"]}},"module":{"resources":[{"address":"aws_autoscaling_group.load_balancer_autoscaling_group","mode":"managed","type":"aws_autoscaling_group","name":"load_balancer_autoscaling_group","provider_config_key":"aws","expressions":{"desired_capacity":{"references":["var.desired_capacity"]},"launch_template":[{"id":{"references":["aws_launch_template.launch_template","count.index"]}}],"max_size":{"references":["var.max_size"]},"min_size":{"references":["var.min_size"]},"name":{"references":["var.service_names","count.index"]},"tag":[{"key":{"constant_value":"Name"},"propagate_at_launch":{"constant_value":true},"value":{"references":["var.service_names","count.index"]}}],"target_group_arns":{"references":["var.load_balancer_target_group_arns","count.index"]},"vpc_zone_identifier":{"references":["var.public_subnet_ids","count.index"]}},"schema_version":1,"count_expression":{"references":["var.service_names"]}},{"address":"aws_launch_template.launch_template","mode":"managed","type":"aws_launch_template","name":"launch_template","provider_config_key":"aws","expressions":{"image_id":{"references":["var.ami_ids","count.index"]},"instance_type":{"references":["var.instance_type"]},"key_name":{"references":["var.key_name"]},"name":{"references":["var.service_names","count.index"]},"network_interfaces":[{"associate_public_ip_address":{"constant_value":true},"device_index":{"constant_value":0}}],"tag_specifications":[{"resource_type":{"constant_value":"instance"},"tags":{"references":["var.service_names","count.index"]}}],"vpc_security_group_ids":{"references":["var.security_groups_ids"]}},"schema_version":0,"count_expression":{"references":["var.service_names"]}}],"variables":{"ami_ids":{"description":"instance amis to be used to create servers in launch template"},"desired_capacity":{"description":"number of desired instances"},"instance_type":{"description":"type of instance to be used for creating lighting EC2 instance"},"key_name":{"description":"name of security key"},"load_balancer_target_group_arns":{"description":"arns of load balancer target groups for creating auto scaling groups"},"max_size":{"description":"number of maximum instances"},"min_size":{"description":"number of minimum instances"},"public_subnet_ids":{"description":"ids of all public subnets"},"security_groups_ids":{"description":"ids of all security groups"},"service_names":{"description":"names of servers to be used for launch templates"}}}},"database":{"source":"./modules/database","expressions":{"database_tables_names":{"references":["var.database_tables_names"]}},"module":{"resources":[{"address":"aws_dynamodb_table.dynamodb_table","mode":"managed","type":"aws_dynamodb_table","name":"dynamodb_table","provider_config_key":"aws","expressions":{"attribute":[{"name":{"constant_value":"id"},"type":{"constant_value":"N"}}],"billing_mode":{"constant_value":"PAY_PER_REQUEST"},"hash_key":{"constant_value":"id"},"name":{"references":["var.database_tables_names","count.index"]},"tags":{"references":["var.database_tables_names","count.index"]}},"schema_version":1,"count_expression":{"references":["var.database_tables_names"]}}],"variables":{"database_tables_names":{"description":"names for dynamodb tables"}}}},"loadbalancer":{"source":"./modules/loadbalancer","expressions":{"public_subnet_ids":{"references":["module.vpc.public_subnets_ids","module.vpc"]},"security_groups_ids":{"references":["module.security.security_groups_ids","module.security"]},"server_instance_ids":{"references":["module.servers.server_instance_ids","module.servers"]},"service_names":{"references":["var.service_names"]},"target_group_paths":{"references":["var.target_group_paths"]},"vpc_id":{"references":["module.vpc.vpc_id","module.vpc"]}},"module":{"outputs":{"load_balancer_target_group_arns":{"expression":{"references":["aws_lb_target_group.target_group"]}}},"resources":[{"address":"aws_lb.lb_main","mode":"managed","type":"aws_lb","name":"lb_main","provider_config_key":"aws","expressions":{"internal":{"constant_value":false},"load_balancer_type":{"constant_value":"application"},"name":{"constant_value":"lbmain"},"security_groups":{"references":["var.security_groups_ids"]},"subnets":{"references":["var.public_subnet_ids"]}},"schema_version":0},{"address":"aws_lb_listener.lb_listener","mode":"managed","type":"aws_lb_listener","name":"lb_listener","provider_config_key":"aws","expressions":{"default_action":[{"target_group_arn":{"references":["aws_lb_target_group.target_group[2].arn","aws_lb_target_group.target_group[2]","aws_lb_target_group.target_group"]},"type":{"constant_value":"forward"}}],"load_balancer_arn":{"references":["aws_lb.lb_main.arn","aws_lb.lb_main"]},"port":{"constant_value":3000},"protocol":{"constant_value":"HTTP"},"tags":{"references":["var.service_names[2]","var.service_names"]}},"schema_version":0},{"address":"aws_lb_listener_rule.listener_rule","mode":"managed","type":"aws_lb_listener_rule","name":"listener_rule","provider_config_key":"aws","expressions":{"action":[{"target_group_arn":{"references":["aws_lb_target_group.target_group","count.index"]},"type":{"constant_value":"forward"}}],"condition":[{"path_pattern":[{"values":{"references":["var.target_group_paths","count.index"]}}]}],"listener_arn":{"references":["aws_lb_listener.lb_listener.arn","aws_lb_listener.lb_listener"]}},"schema_version":0,"count_expression":{"constant_value":2}},{"address":"aws_lb_target_group.target_group","mode":"managed","type":"aws_lb_target_group","name":"target_group","provider_config_key":"aws","expressions":{"health_check":[{"path":{"references":["var.target_group_paths","count.index"]},"protocol":{"constant_value":"HTTP"}}],"name":{"references":["var.service_names","count.index"]},"port":{"constant_value":3000},"protocol":{"constant_value":"HTTP"},"protocol_version":{"constant_value":"HTTP1"},"tags":{"references":["var.service_names","count.index"]},"vpc_id":{"references":["var.vpc_id"]}},"schema_version":0,"count_expression":{"references":["var.service_names"]}},{"address":"aws_lb_target_group_attachment.target_group_servers_attachment","mode":"managed","type":"aws_lb_target_group_attachment","name":"target_group_servers_attachment","provider_config_key":"aws","expressions":{"port":{"constant_value":3000},"target_group_arn":{"references":["aws_lb_target_group.target_group","count.index"]},"target_id":{"references":["var.server_instance_ids","count.index"]}},"schema_version":0,"count_expression":{"references":["var.server_instance_ids"]}}],"variables":{"public_subnet_ids":{"description":"ids of all public subnets"},"security_groups_ids":{"description":"ids of all security groups"},"server_instance_ids":{"description":"instance ids of servers to be used in target group for loadbalancer"},"service_names":{"description":"names of servers to be used for loadbalancer target groups names"},"target_group_paths":{"description":"paths for servers to be used in loadbalancer target groups"},"vpc_id":{"description":"vpc id to be used in creating load balancer"}}}},"security":{"source":"./modules/security","expressions":{"vpc_id":{"references":["module.vpc.vpc_id","module.vpc"]}},"module":{"outputs":{"security_groups_ids":{"expression":{"references":["aws_security_group.allow_http.id","aws_security_group.allow_http","aws_security_group.allow_https.id","aws_security_group.allow_https","aws_security_group.allow_ssh.id","aws_security_group.allow_ssh","aws_security_group.allow_port_3000.id","aws_security_group.allow_port_3000"]}}},"resources":[{"address":"aws_security_group.allow_http","mode":"managed","type":"aws_security_group","name":"allow_http","provider_config_key":"aws","expressions":{"description":{"constant_value":"allows ingress and egress traffic for HTTP requests from all external sources"},"name":{"constant_value":"allow_http"},"vpc_id":{"references":["var.vpc_id"]}},"schema_version":1},{"address":"aws_security_group.allow_https","mode":"managed","type":"aws_security_group","name":"allow_https","provider_config_key":"aws","expressions":{"description":{"constant_value":"allows ingress and egress traffic for HTTPS requests from all external sources"},"name":{"constant_value":"allow_https"},"vpc_id":{"references":["var.vpc_id"]}},"schema_version":1},{"address":"aws_security_group.allow_port_3000","mode":"managed","type":"aws_security_group","name":"allow_port_3000","provider_config_key":"aws","expressions":{"description":{"constant_value":"allows ingress on port 3000 for lighting application"},"name":{"constant_value":"allow_port_3000"},"vpc_id":{"references":["var.vpc_id"]}},"schema_version":1},{"address":"aws_security_group.allow_ssh","mode":"managed","type":"aws_security_group","name":"allow_ssh","provider_config_key":"aws","expressions":{"description":{"constant_value":"allows ingress ssh from own IP address"},"name":{"constant_value":"allow_ssh"},"vpc_id":{"references":["var.vpc_id"]}},"schema_version":1},{"address":"aws_security_group_rule.allow_egress_http","mode":"managed","type":"aws_security_group_rule","name":"allow_egress_http","provider_config_key":"aws","expressions":{"cidr_blocks":{"references":["local.ipv4_all_cidr_blocks"]},"from_port":{"constant_value":80},"ipv6_cidr_blocks":{"references":["local.ipv6_all_cidr_blocks"]},"protocol":{"constant_value":"tcp"},"security_group_id":{"references":["aws_security_group.allow_http.id","aws_security_group.allow_http"]},"to_port":{"constant_value":80},"type":{"constant_value":"egress"}},"schema_version":2},{"address":"aws_security_group_rule.allow_egress_https","mode":"managed","type":"aws_security_group_rule","name":"allow_egress_https","provider_config_key":"aws","expressions":{"cidr_blocks":{"references":["local.ipv4_all_cidr_blocks"]},"from_port":{"constant_value":443},"ipv6_cidr_blocks":{"references":["local.ipv6_all_cidr_blocks"]},"protocol":{"constant_value":"tcp"},"security_group_id":{"references":["aws_security_group.allow_https.id","aws_security_group.allow_https"]},"to_port":{"constant_value":443},"type":{"constant_value":"egress"}},"schema_version":2},{"address":"aws_security_group_rule.allow_egress_port_3000","mode":"managed","type":"aws_security_group_rule","name":"allow_egress_port_3000","provider_config_key":"aws","expressions":{"cidr_blocks":{"references":["local.ipv4_all_cidr_blocks"]},"from_port":{"constant_value":3000},"ipv6_cidr_blocks":{"references":["local.ipv6_all_cidr_blocks"]},"protocol":{"constant_value":"tcp"},"security_group_id":{"references":["aws_security_group.allow_port_3000.id","aws_security_group.allow_port_3000"]},"to_port":{"constant_value":3000},"type":{"constant_value":"egress"}},"schema_version":2},{"address":"aws_security_group_rule.allow_ingress_http","mode":"managed","type":"aws_security_group_rule","name":"allow_ingress_http","provider_config_key":"aws","expressions":{"cidr_blocks":{"references":["local.ipv4_all_cidr_blocks"]},"from_port":{"constant_value":80},"ipv6_cidr_blocks":{"references":["local.ipv6_all_cidr_blocks"]},"protocol":{"constant_value":"tcp"},"security_group_id":{"references":["aws_security_group.allow_http.id","aws_security_group.allow_http"]},"to_port":{"constant_value":80},"type":{"constant_value":"ingress"}},"schema_version":2},{"address":"aws_security_group_rule.allow_ingress_https","mode":"managed","type":"aws_security_group_rule","name":"allow_ingress_https","provider_config_key":"aws","expressions":{"cidr_blocks":{"references":["local.ipv4_all_cidr_blocks"]},"from_port":{"constant_value":443},"ipv6_cidr_blocks":{"references":["local.ipv6_all_cidr_blocks"]},"protocol":{"constant_value":"tcp"},"security_group_id":{"references":["aws_security_group.allow_https.id","aws_security_group.allow_https"]},"to_port":{"constant_value":443},"type":{"constant_value":"ingress"}},"schema_version":2},{"address":"aws_security_group_rule.allow_ingress_port_3000","mode":"managed","type":"aws_security_group_rule","name":"allow_ingress_port_3000","provider_config_key":"aws","expressions":{"cidr_blocks":{"references":["local.ipv4_all_cidr_blocks"]},"from_port":{"constant_value":3000},"ipv6_cidr_blocks":{"references":["local.ipv6_all_cidr_blocks"]},"protocol":{"constant_value":"tcp"},"security_group_id":{"references":["aws_security_group.allow_port_3000.id","aws_security_group.allow_port_3000"]},"to_port":{"constant_value":3000},"type":{"constant_value":"ingress"}},"schema_version":2},{"address":"aws_security_group_rule.allow_ssh","mode":"managed","type":"aws_security_group_rule","name":"allow_ssh","provider_config_key":"aws","expressions":{"cidr_blocks":{"references":["data.http.myipv4address.response_body","data.http.myipv4address"]},"from_port":{"constant_value":22},"protocol":{"constant_value":"tcp"},"security_group_id":{"references":["aws_security_group.allow_ssh.id","aws_security_group.allow_ssh"]},"to_port":{"constant_value":22},"type":{"constant_value":"ingress"}},"schema_version":2},{"address":"data.http.myipv4address","mode":"data","type":"http","name":"myipv4address","provider_config_key":"module.security:http","expressions":{"url":{"constant_value":"http://ipv4.icanhazip.com"}},"schema_version":0}],"variables":{"vpc_id":{"description":"vpc id to be used in creating security groups"}}}},"servers":{"source":"./modules/servers","expressions":{"ami_ids":{"references":["var.ami_ids"]},"instance_type":{"references":["var.instance_type"]},"key_name":{"references":["var.key_name"]},"public_subnet_ids":{"references":["module.vpc.public_subnets_ids","module.vpc"]},"security_groups_ids":{"references":["module.security.security_groups_ids","module.security"]},"service_names":{"references":["var.service_names"]}},"module":{"outputs":{"server_instance_ids":{"expression":{"references":["aws_instance.servers"]}}},"resources":[{"address":"aws_instance.servers","mode":"managed","type":"aws_instance","name":"servers","provider_config_key":"aws","expressions":{"ami":{"references":["var.ami_ids","count.index"]},"associate_public_ip_address":{"constant_value":true},"instance_type":{"references":["var.instance_type"]},"key_name":{"references":["var.key_name"]},"subnet_id":{"references":["var.public_subnet_ids","count.index"]},"tags":{"references":["var.service_names","count.index"]},"vpc_security_group_ids":{"references":["var.security_groups_ids"]}},"schema_version":1,"count_expression":{"references":["var.ami_ids"]}}],"variables":{"ami_ids":{"description":"AMI ids to use in lighting, heating, status servers"},"instance_type":{"description":"type of instance to be used for creating lighting EC2 instance"},"key_name":{"description":"name of security key"},"public_subnet_ids":{"description":"ids of all public subnets"},"security_groups_ids":{"description":"ids of all security groups"},"service_names":{"description":"names for servers"}}}},"vpc":{"source":"./modules/vpc","expressions":{"availability_zones":{"references":["var.availability_zones"]},"private_subnets":{"references":["var.private_subnets"]},"public_subnets":{"references":["var.public_subnets"]},"vpc_cidr_range":{"references":["var.vpc_cidr_range"]},"vpc_name":{"references":["var.vpc_name"]}},"module":{"outputs":{"public_subnets_ids":{"expression":{"references":["aws_subnet.public"]}},"vpc_id":{"expression":{"references":["aws_vpc.main.id","aws_vpc.main"]}}},"resources":[{"address":"aws_internet_gateway.igw","mode":"managed","type":"aws_internet_gateway","name":"igw","provider_config_key":"aws","expressions":{"tags":{"references":["var.vpc_name"]},"vpc_id":{"references":["aws_vpc.main.id","aws_vpc.main"]}},"schema_version":0},{"address":"aws_route.public_igw","mode":"managed","type":"aws_route","name":"public_igw","provider_config_key":"aws","expressions":{"destination_cidr_block":{"constant_value":"0.0.0.0/0"},"gateway_id":{"references":["aws_internet_gateway.igw.id","aws_internet_gateway.igw"]},"route_table_id":{"references":["aws_route_table.route_table.id","aws_route_table.route_table"]}},"schema_version":0},{"address":"aws_route_table.route_table","mode":"managed","type":"aws_route_table","name":"route_table","provider_config_key":"aws","expressions":{"tags":{"references":["var.vpc_name"]},"vpc_id":{"references":["aws_vpc.main.id","aws_vpc.main"]}},"schema_version":0},{"address":"aws_route_table_association.public_route_table_association","mode":"managed","type":"aws_route_table_association","name":"public_route_table_association","provider_config_key":"aws","expressions":{"route_table_id":{"references":["aws_route_table.route_table.id","aws_route_table.route_table"]},"subnet_id":{"references":["aws_subnet.public","count.index"]}},"schema_version":0,"count_expression":{"references":["var.public_subnets"]}},{"address":"aws_subnet.private","mode":"managed","type":"aws_subnet","name":"private","provider_config_key":"aws","expressions":{"availability_zone":{"references":["var.availability_zones","count.index"]},"cidr_block":{"references":["var.private_subnets","count.index"]},"map_public_ip_on_launch":{"constant_value":false},"tags":{"references":["var.vpc_name","var.availability_zones","count.index"]},"vpc_id":{"references":["aws_vpc.main.id","aws_vpc.main"]}},"schema_version":1,"count_expression":{"references":["var.private_subnets"]}},{"address":"aws_subnet.public","mode":"managed","type":"aws_subnet","name":"public","provider_config_key":"aws","expressions":{"availability_zone":{"references":["var.availability_zones","count.index"]},"cidr_block":{"references":["var.public_subnets","count.index"]},"map_public_ip_on_launch":{"constant_value":true},"tags":{"references":["var.vpc_name","var.availability_zones","count.index"]},"vpc_id":{"references":["aws_vpc.main.id","aws_vpc.main"]}},"schema_version":1,"count_expression":{"references":["var.public_subnets"]}},{"address":"aws_vpc.main","mode":"managed","type":"aws_vpc","name":"main","provider_config_key":"aws","expressions":{"cidr_block":{"references":["var.vpc_cidr_range"]},"enable_dns_hostnames":{"constant_value":true},"enable_dns_support":{"constant_value":true},"tags":{"references":["var.vpc_name"]}},"schema_version":1}],"variables":{"availability_zones":{"description":"availability zones for use in VPC module"},"private_subnets":{"description":"CIDR ranges for private subnets"},"public_subnets":{"description":"CIDR ranges for public subnets"},"vpc_cidr_range":{"description":"CIDR range for vpc"},"vpc_name":{"description":"name of vpc"}}}}},"variables":{"ami_ids":{"description":"AMI ids to use in lighting, heating, status servers"},"availability_zones":{"description":"availability zones for use in VPC module"},"database_tables_names":{"description":"names for dynamodb tables"},"desired_capacity":{"description":"number of desired instances"},"instance_type":{"description":"type of instance to be used for creating lighting EC2 instance"},"key_name":{"description":"name of security key"},"max_size":{"description":"number of maximum instances"},"min_size":{"description":"number of minimum instances"},"private_subnets":{"description":"CIDR ranges for private subnets"},"public_subnets":{"description":"CIDR ranges for public subnets"},"service_names":{"description":"names for servers"},"target_group_paths":{"description":"paths for servers to be used in loadbalancer target groups"},"vpc_cidr_range":{"description":"CIDR range for vpc"},"vpc_name":{"description":"name of vpc"}}}},"relevant_attributes":[{"resource":"module.vpc.aws_vpc.main","attribute":["id"]},{"resource":"module.security.aws_security_group.allow_http","attribute":["id"]},{"resource":"module.security.aws_security_group.allow_ssh","attribute":["id"]},{"resource":"module.vpc.aws_subnet.public","attribute":[]},{"resource":"module.loadbalancer.aws_lb_listener.lb_listener","attribute":["arn"]},{"resource":"module.vpc.aws_route_table.route_table","attribute":["id"]},{"resource":"module.vpc.aws_internet_gateway.igw","attribute":["id"]},{"resource":"module.security.aws_security_group.allow_https","attribute":["id"]},{"resource":"module.loadbalancer.aws_lb_target_group.target_group","attribute":[]},{"resource":"module.autoscaling.aws_launch_template.launch_template","attribute":[]},{"resource":"module.security.aws_security_group.allow_port_3000","attribute":["id"]},{"resource":"module.loadbalancer.aws_lb.lb_main","attribute":["arn"]},{"resource":"module.servers.aws_instance.servers","attribute":[]},{"resource":"module.security.data.http.myipv4address","attribute":["response_body"]},{"resource":"module.loadbalancer.aws_lb_target_group.target_group[2]","attribute":["arn"]}],"timestamp":"2024-01-01T16:08:08Z","errored":false}
